
Microsoft Visual Studio Solution File, Format Version 11.00
# Visual Studio 2010
Project("{FAE04EC0-301F-11D3-BF4B-00C04F79EFBC}") = "AutoTourism", "AutoTourism\AutoTourism.csproj", "{64CD131A-2D5F-4E98-A8D2-4C53642636B5}"
EndProject
Project("{2150E333-8FDC-42A3-9474-1A3956D46DE8}") = "Vanilla", "Vanilla", "{95A5BE6B-DC7D-4C11-B3F5-91162E7F35C2}"
EndProject
Project("{2150E333-8FDC-42A3-9474-1A3956D46DE8}") = "Crystal", "Crystal", "{C485C159-FFAA-4532-A5C4-D59791C0A049}"
EndProject
Project("{2150E333-8FDC-42A3-9474-1A3956D46DE8}") = "BinAff", "BinAff", "{DDFD196F-30B9-4144-B6EE-87F92E14A241}"
EndProject
Project("{2150E333-8FDC-42A3-9474-1A3956D46DE8}") = "Facade", "Facade", "{E1E63808-912F-4472-BE28-0E302998967A}"
EndProject
Project("{2150E333-8FDC-42A3-9474-1A3956D46DE8}") = "Presentation", "Presentation", "{7526BD9A-CE32-4987-AD20-ED1F48F7572D}"
EndProject
Project("{2150E333-8FDC-42A3-9474-1A3956D46DE8}") = "Guardian", "Guardian", "{C8993682-0A65-49B6-AEDE-0CA17D1F3BA9}"
EndProject
Project("{2150E333-8FDC-42A3-9474-1A3956D46DE8}") = "Configuration", "Configuration", "{AE638855-7496-4CD3-8FA6-BE5AFA69DB9C}"
EndProject
Project("{FAE04EC0-301F-11D3-BF4B-00C04F79EFBC}") = "Crystal.Configuration.Component", "..\..\..\Crystal\Source Code\Crystal\Configuration\Component\Crystal.Configuration.Component.csproj", "{8F052CCD-EA57-4D14-A9B1-AF605E763D41}"
EndProject
Project("{FAE04EC0-301F-11D3-BF4B-00C04F79EFBC}") = "Crystal.Configuration.Rule", "..\..\..\Crystal\Source Code\Crystal\Configuration\Rule\Crystal.Configuration.Rule.csproj", "{D874BD9A-B5A2-410F-8B48-25FA06A9C44B}"
EndProject
Project("{FAE04EC0-301F-11D3-BF4B-00C04F79EFBC}") = "Crystal.Guardian.Component", "..\..\..\Crystal\Source Code\Crystal\Guardian\Component\Crystal.Guardian.Component.csproj", "{1C4FAAB4-7CE4-4A10-9600-855A984B0805}"
EndProject
Project("{FAE04EC0-301F-11D3-BF4B-00C04F79EFBC}") = "Crystal.Guardian.Rule", "..\..\..\Crystal\Source Code\Crystal\Guardian\Rule\Crystal.Guardian.Rule.csproj", "{E3BC5B92-3318-40C2-B7A7-73300F0DCE81}"
EndProject
Project("{FAE04EC0-301F-11D3-BF4B-00C04F79EFBC}") = "BinAff.Core", "..\..\..\BinAff\Source Code\BinAff\Core\BinAff.Core.csproj", "{D25DF173-3451-49AA-9570-269B2880C393}"
	ProjectSection(ProjectDependencies) = postProject
		{ED04BF0C-B4F1-4E9C-80C5-799027EBE260} = {ED04BF0C-B4F1-4E9C-80C5-799027EBE260}
	EndProjectSection
EndProject
Project("{FAE04EC0-301F-11D3-BF4B-00C04F79EFBC}") = "BinAff.Utility", "..\..\..\BinAff\Source Code\BinAff\Utility\BinAff.Utility.csproj", "{ED04BF0C-B4F1-4E9C-80C5-799027EBE260}"
EndProject
Project("{FAE04EC0-301F-11D3-BF4B-00C04F79EFBC}") = "BinAff.Facade.Library", "..\..\..\BinAff\Source Code\BinAff\Facade\Library\BinAff.Facade.Library.csproj", "{F6AB9943-F271-4293-B13E-DC58DEF3F59D}"
	ProjectSection(ProjectDependencies) = postProject
		{D25DF173-3451-49AA-9570-269B2880C393} = {D25DF173-3451-49AA-9570-269B2880C393}
	EndProjectSection
EndProject
Project("{FAE04EC0-301F-11D3-BF4B-00C04F79EFBC}") = "BinAff.Presentation.Library", "..\..\..\BinAff\Source Code\BinAff\Presentation\Library\BinAff.Presentation.Library.csproj", "{1EE9A9DD-9151-437A-B1A3-28015975EF52}"
	ProjectSection(ProjectDependencies) = postProject
		{D25DF173-3451-49AA-9570-269B2880C393} = {D25DF173-3451-49AA-9570-269B2880C393}
	EndProjectSection
EndProject
Project("{2150E333-8FDC-42A3-9474-1A3956D46DE8}") = "Guardian", "Guardian", "{F9DC7E86-7AB7-427E-BAB9-1D59315887A7}"
EndProject
Project("{FAE04EC0-301F-11D3-BF4B-00C04F79EFBC}") = "Vanilla.Guardian.Facade", "..\..\..\Vanilla\Source Code\Vanilla\Gaurdian\Facade\Vanilla.Guardian.Facade.csproj", "{24A3CC18-9FA6-4976-8ADE-AC07EE6844FB}"
EndProject
Project("{FAE04EC0-301F-11D3-BF4B-00C04F79EFBC}") = "Vanilla.Guardian.WinForm", "..\..\..\Vanilla\Source Code\Vanilla\Gaurdian\WinForm\Vanilla.Guardian.WinForm.csproj", "{94765995-6577-4720-8F86-7CC1ADBD1D5B}"
EndProject
Project("{2150E333-8FDC-42A3-9474-1A3956D46DE8}") = "Navigator", "Navigator", "{1038DAE7-8890-4C6B-B2DE-6BE07DD21F24}"
EndProject
Project("{FAE04EC0-301F-11D3-BF4B-00C04F79EFBC}") = "Vanilla.Navigator.WinForm", "..\..\..\Vanilla\Source Code\Vanilla\Navigator\WinForm\Vanilla.Navigator.WinForm.csproj", "{0B1CD68A-F3E8-4A59-A615-89B5FEA46FCF}"
EndProject
Project("{FAE04EC0-301F-11D3-BF4B-00C04F79EFBC}") = "Crystal.Navigator.Component", "..\..\..\Crystal\Source Code\Crystal\Navigator\Component\Crystal.Navigator.Component.csproj", "{3E089798-771D-44F3-8A99-C990AB47A0B4}"
EndProject
Project("{FAE04EC0-301F-11D3-BF4B-00C04F79EFBC}") = "Crystal.Navigator.Rule", "..\..\..\Crystal\Source Code\Crystal\Navigator\Rule\Crystal.Navigator.Rule.csproj", "{A42C45CD-FFBB-425E-A5D8-540B365D97BB}"
EndProject
Project("{2150E333-8FDC-42A3-9474-1A3956D46DE8}") = "Navigator", "Navigator", "{297B4B5A-4A9F-4551-9AB0-9270E2803861}"
EndProject
Project("{2150E333-8FDC-42A3-9474-1A3956D46DE8}") = "Customer", "Customer", "{39C80DB4-540C-4492-82B3-A5122ABB8DD7}"
EndProject
Project("{2150E333-8FDC-42A3-9474-1A3956D46DE8}") = "AutoTourism", "AutoTourism", "{DC570D40-939B-4479-AF39-F8C5CD932220}"
EndProject
Project("{2150E333-8FDC-42A3-9474-1A3956D46DE8}") = "Customer", "Customer", "{3BA98407-8695-4959-8DDF-EA3B93748C42}"
EndProject
Project("{FAE04EC0-301F-11D3-BF4B-00C04F79EFBC}") = "Crystal.Customer.Component", "..\..\..\Crystal\Source Code\Crystal\Customer\Crystal.Customer.Component\Crystal.Customer.Component.csproj", "{CF2B7682-FA1E-4CDC-8A8C-30D610D18C5E}"
EndProject
Project("{FAE04EC0-301F-11D3-BF4B-00C04F79EFBC}") = "Crystal.Customer.Rule", "..\..\..\Crystal\Source Code\Crystal\Customer\Crystal.Customer.Rule\Crystal.Customer.Rule.csproj", "{BC8CC2BB-9EAF-4A32-BA6A-229386ABCA72}"
EndProject
Project("{2150E333-8FDC-42A3-9474-1A3956D46DE8}") = "Activity", "Activity", "{DD85537F-583B-44A0-8232-3895ED0D4524}"
EndProject
Project("{FAE04EC0-301F-11D3-BF4B-00C04F79EFBC}") = "Crystal.Activity.Component", "..\..\..\Crystal\Source Code\Crystal\Activity\Crystal.Activity.Component\Crystal.Activity.Component.csproj", "{72DB3928-1A94-4E8B-8013-052AFFF74AAE}"
EndProject
Project("{2150E333-8FDC-42A3-9474-1A3956D46DE8}") = "Invoice", "Invoice", "{6861AE82-A33D-4DC7-91D0-98ECEDC674BB}"
EndProject
Project("{2150E333-8FDC-42A3-9474-1A3956D46DE8}") = "Lodge", "Lodge", "{5A2D6B1D-FF34-480B-AD0F-D41879AE62E2}"
EndProject
Project("{FAE04EC0-301F-11D3-BF4B-00C04F79EFBC}") = "Crystal.Invoice.Component", "..\..\..\Crystal\Source Code\Crystal\Invoice\Crystal.Invoice.Component\Crystal.Invoice.Component.csproj", "{CA372D03-699E-4D6A-80FA-567940BFA130}"
EndProject
Project("{FAE04EC0-301F-11D3-BF4B-00C04F79EFBC}") = "Crystal.Lodge.Component", "..\..\..\Crystal\Source Code\Crystal\Lodge\Crystal.Lodge.Component\Crystal.Lodge.Component.csproj", "{191571FE-40D2-4095-9705-D3020445B65F}"
EndProject
Project("{2150E333-8FDC-42A3-9474-1A3956D46DE8}") = "Organization", "Organization", "{1A5E92FF-A0B6-4BCE-82D0-66A9305FF448}"
EndProject
Project("{2150E333-8FDC-42A3-9474-1A3956D46DE8}") = "Product", "Product", "{BC776BD7-8486-4DD7-824E-3750E5EF2D8E}"
EndProject
Project("{2150E333-8FDC-42A3-9474-1A3956D46DE8}") = "Reservation", "Reservation", "{7EC569BE-9A7A-4B21-BABA-000A8D45187F}"
EndProject
Project("{2150E333-8FDC-42A3-9474-1A3956D46DE8}") = "Tariff", "Tariff", "{A364D159-BBF9-4872-A03F-0A312AAA326D}"
EndProject
Project("{FAE04EC0-301F-11D3-BF4B-00C04F79EFBC}") = "Crystal.Organization.Component", "..\..\..\Crystal\Source Code\Crystal\Organization\Crystal.Organization.Component\Crystal.Organization.Component.csproj", "{003E77D0-671D-4B79-975C-A8CB0B4B1361}"
EndProject
Project("{FAE04EC0-301F-11D3-BF4B-00C04F79EFBC}") = "Crystal.Product.Component", "..\..\..\Crystal\Source Code\Crystal\Product\Crystal.Product.Component\Crystal.Product.Component.csproj", "{2CCCFC6A-E087-48B1-8600-5E619E07613A}"
EndProject
Project("{FAE04EC0-301F-11D3-BF4B-00C04F79EFBC}") = "Crystal.Reservation.Component", "..\..\..\Crystal\Source Code\Crystal\Reservation\Crystal.Reservation.Component\Crystal.Reservation.Component.csproj", "{9AD10300-505D-4B2B-8376-B6049EE47BFA}"
EndProject
Project("{FAE04EC0-301F-11D3-BF4B-00C04F79EFBC}") = "Crystal.Tariff.Component", "..\..\..\Crystal\Source Code\Crystal\Tariff\Crystal.Tariff.Component\Crystal.Tariff.Component.csproj", "{63ED7282-D4D5-4AE0-B46A-E95582D9536D}"
EndProject
Project("{FAE04EC0-301F-11D3-BF4B-00C04F79EFBC}") = "AutoTourism.Component.Customer", "Component\Autotourism.Component.Customer\AutoTourism.Component.Customer.csproj", "{9E9F89C1-91BE-4595-8D69-3E56AFC1BC4C}"
EndProject
Project("{FAE04EC0-301F-11D3-BF4B-00C04F79EFBC}") = "Autotourism.Component.Customer.Test", "Component\Autotourism.Component.Customer.Test\Autotourism.Component.Customer.Test.csproj", "{1635C34B-0CBF-48C0-8A8A-75E0A698FE7D}"
EndProject
Project("{FAE04EC0-301F-11D3-BF4B-00C04F79EFBC}") = "Crystal.Organization.Observer", "..\..\..\Crystal\Source Code\Crystal\Organization\Crystal.Organization.Observer\Crystal.Organization.Observer.csproj", "{AED8C51C-C073-43BF-BD6E-00D033B589E8}"
EndProject
Project("{2150E333-8FDC-42A3-9474-1A3956D46DE8}") = "Configuration", "Configuration", "{5363500D-C42A-459A-9DFC-7BC55299458D}"
EndProject
Project("{FAE04EC0-301F-11D3-BF4B-00C04F79EFBC}") = "Autotourism.Configuration.Observer", "Component\Autotourism.Configuration.Observer\Autotourism.Configuration.Observer.csproj", "{242C27A8-FFBB-48C3-93BE-96AA11455BF3}"
EndProject
Project("{FAE04EC0-301F-11D3-BF4B-00C04F79EFBC}") = "Vanilla.Navigator.Facade", "..\..\..\Vanilla\Source Code\Vanilla\Navigator\Facade\Vanilla.Navigator.Facade.csproj", "{5FD93A71-D5B7-43FF-8996-29232B518B3A}"
EndProject
Project("{2150E333-8FDC-42A3-9474-1A3956D46DE8}") = "License", "License", "{02E45B0D-F558-4510-8898-BBDC7F963BA2}"
EndProject
Project("{FAE04EC0-301F-11D3-BF4B-00C04F79EFBC}") = "Crystal.License", "..\..\..\Crystal\Source Code\Crystal\License\Crystal.License\Crystal.License.csproj", "{05DEDCC9-9D79-4F0E-A869-8C6F880A13B8}"
EndProject
Project("{2150E333-8FDC-42A3-9474-1A3956D46DE8}") = "Configuration", "Configuration", "{9D00BC97-0F18-4C7F-A741-E542B7FEBF71}"
EndProject
Project("{FAE04EC0-301F-11D3-BF4B-00C04F79EFBC}") = "Vanilla.Configuration.Facade", "..\..\..\Vanilla\Source Code\Vanilla\Configuration\Vanilla.Configuration.Facade\Vanilla.Configuration.Facade.csproj", "{48B07690-FE69-4BFE-8F99-5556AE60AE5A}"
EndProject
Project("{FAE04EC0-301F-11D3-BF4B-00C04F79EFBC}") = "Vanilla.Configuration.WinForm", "..\..\..\Vanilla\Source Code\Vanilla\Configuration\Vanilla.Configuration.WinForm\Vanilla.Configuration.WinForm.csproj", "{7D4930BB-2807-4F89-8318-A42941AE70D3}"
EndProject
Project("{FAE04EC0-301F-11D3-BF4B-00C04F79EFBC}") = "Crystal.Configuration.Observer", "..\..\..\Crystal\Source Code\Crystal\Configuration\Crystal.Configuration.Observer\Crystal.Configuration.Observer.csproj", "{DE7AD7E1-6B6C-403F-8B41-72744F2F05CC}"
EndProject
Project("{FAE04EC0-301F-11D3-BF4B-00C04F79EFBC}") = "Crystal.Invoice.Observer", "..\..\..\Crystal\Source Code\Crystal\Invoice\Crystal.Invoice.Observer\Crystal.Invoice.Observer.csproj", "{21F954A4-84FA-4217-B275-A60F547C7EF1}"
EndProject
Project("{2150E333-8FDC-42A3-9474-1A3956D46DE8}") = "Lodge", "Lodge", "{4E5B5722-849E-4595-BE2F-807FCEC78892}"
EndProject
Project("{2150E333-8FDC-42A3-9474-1A3956D46DE8}") = "Configuration", "Configuration", "{5A1715C2-A5A6-45AD-A78B-7F9E9A0DE2EC}"
EndProject
Project("{FAE04EC0-301F-11D3-BF4B-00C04F79EFBC}") = "AutoTourism.Lodge.Configuration.Facade", "Lodge\Configuration\AutoTourism.Lodge.Configuration.Facade\AutoTourism.Lodge.Configuration.Facade.csproj", "{4B8E9DB9-1E3C-42E2-8A61-6BF503CD44AF}"
EndProject
Project("{FAE04EC0-301F-11D3-BF4B-00C04F79EFBC}") = "AutoTourism.Lodge.Configuration.WinForm", "Lodge\Configuration\AutoTourism.Lodge.Configuration.WinForm\AutoTourism.Lodge.Configuration.WinForm.csproj", "{8F9756B3-0119-4E0F-8E00-87374C072D28}"
EndProject
Project("{FAE04EC0-301F-11D3-BF4B-00C04F79EFBC}") = "AutoTourism.Lodge.Facade", "Lodge\AutoTourism.Lodge.Facade\AutoTourism.Lodge.Facade.csproj", "{87B249D1-5284-4376-9C8F-990025C3AEDD}"
EndProject
Project("{FAE04EC0-301F-11D3-BF4B-00C04F79EFBC}") = "AutoTourism.Lodge.WinForm", "Lodge\AutoTourism.Lodge.WinForm\AutoTourism.Lodge.WinForm.csproj", "{8D642295-3554-43B7-8E20-C73A745B9C5A}"
EndProject
Project("{FAE04EC0-301F-11D3-BF4B-00C04F79EFBC}") = "Crystal.Lodge.Observer", "..\..\..\Crystal\Source Code\Crystal\Lodge\Crystal.Lodge.Observer\Crystal.Lodge.Observer.csproj", "{ACA68DE7-8402-46F3-8864-6EEF6CD1AF79}"
EndProject
Project("{FAE04EC0-301F-11D3-BF4B-00C04F79EFBC}") = "AutoTourism.Customer.Facade", "Customer\AutoTourism.Customer.Facade\AutoTourism.Customer.Facade.csproj", "{2099FB59-6194-4BC7-8AB2-6CABE513082A}"
EndProject
Project("{FAE04EC0-301F-11D3-BF4B-00C04F79EFBC}") = "AutoTourism.Customer.WinForm", "Customer\AutoTourism.Customer.WinForm\AutoTourism.Customer.WinForm.csproj", "{99EEF65F-E520-4AA1-A9E0-DB3EA19A6C16}"
EndProject
Project("{FAE04EC0-301F-11D3-BF4B-00C04F79EFBC}") = "Autotourism.Configuration.Rule.Facade", "Configuration\Autotourism.Configuration.Rule.Facade\Autotourism.Configuration.Rule.Facade.csproj", "{C8CF309D-21F1-43F7-BB6B-CF78E2B14245}"
EndProject
Project("{FAE04EC0-301F-11D3-BF4B-00C04F79EFBC}") = "Autotourism.Configuration.Rule.WinForm", "Configuration\Autotourism.Configuration.Rule.WinForm\Autotourism.Configuration.Rule.WinForm.csproj", "{CEDCE9B6-EF42-4ABC-8961-0D97C888E0C1}"
EndProject
Project("{2150E333-8FDC-42A3-9474-1A3956D46DE8}") = "Tool", "Tool", "{13EC4567-D138-4ECD-B21E-7686BA293F4B}"
EndProject
Project("{FAE04EC0-301F-11D3-BF4B-00C04F79EFBC}") = "Vanilla.Tool.WinForm", "..\..\..\Vanilla\Source Code\Vanilla\Tool\Vanilla.Tool.WinForm\Vanilla.Tool.WinForm.csproj", "{1292D85C-1A35-4978-9F23-2E502F1CB45F}"
EndProject
Project("{FAE04EC0-301F-11D3-BF4B-00C04F79EFBC}") = "BinAff.Facade.Cache", "..\..\..\BinAff\Source Code\BinAff\Facade\BinAff.Facade.Cache\BinAff.Facade.Cache.csproj", "{266B4DEB-D9C2-4607-A5D5-60F5124E89AE}"
EndProject
Project("{2150E333-8FDC-42A3-9474-1A3956D46DE8}") = "Tool", "Tool", "{CE38196A-8E97-41C8-831C-EAFACA79D078}"
EndProject
Project("{FAE04EC0-301F-11D3-BF4B-00C04F79EFBC}") = "BinAff.Tool.SecurityHandler", "..\..\..\BinAff\Source Code\BinAff\Tool\SecurityHandler\BinAff.Tool.SecurityHandler.csproj", "{234E829D-E7F0-4EE9-BCB7-238F12BE25AD}"
EndProject
Project("{FAE04EC0-301F-11D3-BF4B-00C04F79EFBC}") = "BinAff.SqlServerUtil", "..\..\..\BinAff\Source Code\BinAff\SqlServerUtil\BinAff.SqlServerUtil.csproj", "{EC64CD55-4D60-45A3-BA72-900EFD400F4B}"
EndProject
Project("{2150E333-8FDC-42A3-9474-1A3956D46DE8}") = "Utility", "Utility", "{AE54C58E-9512-486B-A165-107CC5ECA0C3}"
EndProject
Project("{FAE04EC0-301F-11D3-BF4B-00C04F79EFBC}") = "Vanilla.Utility.WinForm", "..\..\..\Vanilla\Source Code\Vanilla\Utility\Vanilla.Utility.WinForm\Vanilla.Utility.WinForm.csproj", "{49BE0D61-4BD1-42B2-B582-77094AF71728}"
EndProject
Project("{FAE04EC0-301F-11D3-BF4B-00C04F79EFBC}") = "Vanilla.Utility.Facade", "..\..\..\Vanilla\Source Code\Vanilla\Utility\Vanilla.Utility.Facade\Vanilla.Utility.Facade.csproj", "{A10719AF-5C9F-4903-AB83-089EC502EEA2}"
EndProject
Global
	GlobalSection(SubversionScc) = preSolution
		Svn-Managed = True
		Manager = AnkhSVN - Subversion Support for Visual Studio
	EndGlobalSection
	GlobalSection(TestCaseManagementSettings) = postSolution
		CategoryFile = AutoTourism.vsmdi
	EndGlobalSection
	GlobalSection(SolutionConfigurationPlatforms) = preSolution
		Debug|Any CPU = Debug|Any CPU
		Debug|Mixed Platforms = Debug|Mixed Platforms
		Debug|x86 = Debug|x86
		Release|Any CPU = Release|Any CPU
		Release|Mixed Platforms = Release|Mixed Platforms
		Release|x86 = Release|x86
	EndGlobalSection
	GlobalSection(ProjectConfigurationPlatforms) = postSolution
		{64CD131A-2D5F-4E98-A8D2-4C53642636B5}.Debug|Any CPU.ActiveCfg = Debug|Any CPU
		{64CD131A-2D5F-4E98-A8D2-4C53642636B5}.Debug|Any CPU.Build.0 = Debug|Any CPU
		{64CD131A-2D5F-4E98-A8D2-4C53642636B5}.Debug|Mixed Platforms.ActiveCfg = Debug|Any CPU
		{64CD131A-2D5F-4E98-A8D2-4C53642636B5}.Debug|Mixed Platforms.Build.0 = Debug|Any CPU
		{64CD131A-2D5F-4E98-A8D2-4C53642636B5}.Debug|x86.ActiveCfg = Debug|Any CPU
		{64CD131A-2D5F-4E98-A8D2-4C53642636B5}.Release|Any CPU.ActiveCfg = Release|Any CPU
		{64CD131A-2D5F-4E98-A8D2-4C53642636B5}.Release|Any CPU.Build.0 = Release|Any CPU
		{64CD131A-2D5F-4E98-A8D2-4C53642636B5}.Release|Mixed Platforms.ActiveCfg = Release|Any CPU
		{64CD131A-2D5F-4E98-A8D2-4C53642636B5}.Release|Mixed Platforms.Build.0 = Release|Any CPU
		{64CD131A-2D5F-4E98-A8D2-4C53642636B5}.Release|x86.ActiveCfg = Release|Any CPU
		{8F052CCD-EA57-4D14-A9B1-AF605E763D41}.Debug|Any CPU.ActiveCfg = Debug|Any CPU
		{8F052CCD-EA57-4D14-A9B1-AF605E763D41}.Debug|Any CPU.Build.0 = Debug|Any CPU
		{8F052CCD-EA57-4D14-A9B1-AF605E763D41}.Debug|Mixed Platforms.ActiveCfg = Debug|Any CPU
		{8F052CCD-EA57-4D14-A9B1-AF605E763D41}.Debug|Mixed Platforms.Build.0 = Debug|Any CPU
		{8F052CCD-EA57-4D14-A9B1-AF605E763D41}.Debug|x86.ActiveCfg = Debug|Any CPU
		{8F052CCD-EA57-4D14-A9B1-AF605E763D41}.Release|Any CPU.ActiveCfg = Release|Any CPU
		{8F052CCD-EA57-4D14-A9B1-AF605E763D41}.Release|Any CPU.Build.0 = Release|Any CPU
		{8F052CCD-EA57-4D14-A9B1-AF605E763D41}.Release|Mixed Platforms.ActiveCfg = Release|Any CPU
		{8F052CCD-EA57-4D14-A9B1-AF605E763D41}.Release|Mixed Platforms.Build.0 = Release|Any CPU
		{8F052CCD-EA57-4D14-A9B1-AF605E763D41}.Release|x86.ActiveCfg = Release|Any CPU
		{D874BD9A-B5A2-410F-8B48-25FA06A9C44B}.Debug|Any CPU.ActiveCfg = Debug|Any CPU
		{D874BD9A-B5A2-410F-8B48-25FA06A9C44B}.Debug|Any CPU.Build.0 = Debug|Any CPU
		{D874BD9A-B5A2-410F-8B48-25FA06A9C44B}.Debug|Mixed Platforms.ActiveCfg = Debug|Any CPU
		{D874BD9A-B5A2-410F-8B48-25FA06A9C44B}.Debug|Mixed Platforms.Build.0 = Debug|Any CPU
		{D874BD9A-B5A2-410F-8B48-25FA06A9C44B}.Debug|x86.ActiveCfg = Debug|Any CPU
		{D874BD9A-B5A2-410F-8B48-25FA06A9C44B}.Release|Any CPU.ActiveCfg = Release|Any CPU
		{D874BD9A-B5A2-410F-8B48-25FA06A9C44B}.Release|Any CPU.Build.0 = Release|Any CPU
		{D874BD9A-B5A2-410F-8B48-25FA06A9C44B}.Release|Mixed Platforms.ActiveCfg = Release|Any CPU
		{D874BD9A-B5A2-410F-8B48-25FA06A9C44B}.Release|Mixed Platforms.Build.0 = Release|Any CPU
		{D874BD9A-B5A2-410F-8B48-25FA06A9C44B}.Release|x86.ActiveCfg = Release|Any CPU
		{1C4FAAB4-7CE4-4A10-9600-855A984B0805}.Debug|Any CPU.ActiveCfg = Debug|Any CPU
		{1C4FAAB4-7CE4-4A10-9600-855A984B0805}.Debug|Any CPU.Build.0 = Debug|Any CPU
		{1C4FAAB4-7CE4-4A10-9600-855A984B0805}.Debug|Mixed Platforms.ActiveCfg = Debug|Any CPU
		{1C4FAAB4-7CE4-4A10-9600-855A984B0805}.Debug|Mixed Platforms.Build.0 = Debug|Any CPU
		{1C4FAAB4-7CE4-4A10-9600-855A984B0805}.Debug|x86.ActiveCfg = Debug|Any CPU
		{1C4FAAB4-7CE4-4A10-9600-855A984B0805}.Release|Any CPU.ActiveCfg = Release|Any CPU
		{1C4FAAB4-7CE4-4A10-9600-855A984B0805}.Release|Any CPU.Build.0 = Release|Any CPU
		{1C4FAAB4-7CE4-4A10-9600-855A984B0805}.Release|Mixed Platforms.ActiveCfg = Release|Any CPU
		{1C4FAAB4-7CE4-4A10-9600-855A984B0805}.Release|Mixed Platforms.Build.0 = Release|Any CPU
		{1C4FAAB4-7CE4-4A10-9600-855A984B0805}.Release|x86.ActiveCfg = Release|Any CPU
		{E3BC5B92-3318-40C2-B7A7-73300F0DCE81}.Debug|Any CPU.ActiveCfg = Debug|Any CPU
		{E3BC5B92-3318-40C2-B7A7-73300F0DCE81}.Debug|Any CPU.Build.0 = Debug|Any CPU
		{E3BC5B92-3318-40C2-B7A7-73300F0DCE81}.Debug|Mixed Platforms.ActiveCfg = Debug|Any CPU
		{E3BC5B92-3318-40C2-B7A7-73300F0DCE81}.Debug|Mixed Platforms.Build.0 = Debug|Any CPU
		{E3BC5B92-3318-40C2-B7A7-73300F0DCE81}.Debug|x86.ActiveCfg = Debug|Any CPU
		{E3BC5B92-3318-40C2-B7A7-73300F0DCE81}.Release|Any CPU.ActiveCfg = Release|Any CPU
		{E3BC5B92-3318-40C2-B7A7-73300F0DCE81}.Release|Any CPU.Build.0 = Release|Any CPU
		{E3BC5B92-3318-40C2-B7A7-73300F0DCE81}.Release|Mixed Platforms.ActiveCfg = Release|Any CPU
		{E3BC5B92-3318-40C2-B7A7-73300F0DCE81}.Release|Mixed Platforms.Build.0 = Release|Any CPU
		{E3BC5B92-3318-40C2-B7A7-73300F0DCE81}.Release|x86.ActiveCfg = Release|Any CPU
		{D25DF173-3451-49AA-9570-269B2880C393}.Debug|Any CPU.ActiveCfg = Debug|Any CPU
		{D25DF173-3451-49AA-9570-269B2880C393}.Debug|Any CPU.Build.0 = Debug|Any CPU
		{D25DF173-3451-49AA-9570-269B2880C393}.Debug|Mixed Platforms.ActiveCfg = Debug|Any CPU
		{D25DF173-3451-49AA-9570-269B2880C393}.Debug|Mixed Platforms.Build.0 = Debug|Any CPU
		{D25DF173-3451-49AA-9570-269B2880C393}.Debug|x86.ActiveCfg = Debug|Any CPU
		{D25DF173-3451-49AA-9570-269B2880C393}.Release|Any CPU.ActiveCfg = Release|Any CPU
		{D25DF173-3451-49AA-9570-269B2880C393}.Release|Any CPU.Build.0 = Release|Any CPU
		{D25DF173-3451-49AA-9570-269B2880C393}.Release|Mixed Platforms.ActiveCfg = Release|Any CPU
		{D25DF173-3451-49AA-9570-269B2880C393}.Release|Mixed Platforms.Build.0 = Release|Any CPU
		{D25DF173-3451-49AA-9570-269B2880C393}.Release|x86.ActiveCfg = Release|Any CPU
		{ED04BF0C-B4F1-4E9C-80C5-799027EBE260}.Debug|Any CPU.ActiveCfg = Debug|Any CPU
		{ED04BF0C-B4F1-4E9C-80C5-799027EBE260}.Debug|Any CPU.Build.0 = Debug|Any CPU
		{ED04BF0C-B4F1-4E9C-80C5-799027EBE260}.Debug|Mixed Platforms.ActiveCfg = Debug|Any CPU
		{ED04BF0C-B4F1-4E9C-80C5-799027EBE260}.Debug|Mixed Platforms.Build.0 = Debug|Any CPU
		{ED04BF0C-B4F1-4E9C-80C5-799027EBE260}.Debug|x86.ActiveCfg = Debug|Any CPU
		{ED04BF0C-B4F1-4E9C-80C5-799027EBE260}.Release|Any CPU.ActiveCfg = Release|Any CPU
		{ED04BF0C-B4F1-4E9C-80C5-799027EBE260}.Release|Any CPU.Build.0 = Release|Any CPU
		{ED04BF0C-B4F1-4E9C-80C5-799027EBE260}.Release|Mixed Platforms.ActiveCfg = Release|Any CPU
		{ED04BF0C-B4F1-4E9C-80C5-799027EBE260}.Release|Mixed Platforms.Build.0 = Release|Any CPU
		{ED04BF0C-B4F1-4E9C-80C5-799027EBE260}.Release|x86.ActiveCfg = Release|Any CPU
		{F6AB9943-F271-4293-B13E-DC58DEF3F59D}.Debug|Any CPU.ActiveCfg = Debug|Any CPU
		{F6AB9943-F271-4293-B13E-DC58DEF3F59D}.Debug|Any CPU.Build.0 = Debug|Any CPU
		{F6AB9943-F271-4293-B13E-DC58DEF3F59D}.Debug|Mixed Platforms.ActiveCfg = Debug|Any CPU
		{F6AB9943-F271-4293-B13E-DC58DEF3F59D}.Debug|Mixed Platforms.Build.0 = Debug|Any CPU
		{F6AB9943-F271-4293-B13E-DC58DEF3F59D}.Debug|x86.ActiveCfg = Debug|Any CPU
		{F6AB9943-F271-4293-B13E-DC58DEF3F59D}.Release|Any CPU.ActiveCfg = Release|Any CPU
		{F6AB9943-F271-4293-B13E-DC58DEF3F59D}.Release|Any CPU.Build.0 = Release|Any CPU
		{F6AB9943-F271-4293-B13E-DC58DEF3F59D}.Release|Mixed Platforms.ActiveCfg = Release|Any CPU
		{F6AB9943-F271-4293-B13E-DC58DEF3F59D}.Release|Mixed Platforms.Build.0 = Release|Any CPU
		{F6AB9943-F271-4293-B13E-DC58DEF3F59D}.Release|x86.ActiveCfg = Release|Any CPU
		{1EE9A9DD-9151-437A-B1A3-28015975EF52}.Debug|Any CPU.ActiveCfg = Debug|Any CPU
		{1EE9A9DD-9151-437A-B1A3-28015975EF52}.Debug|Any CPU.Build.0 = Debug|Any CPU
		{1EE9A9DD-9151-437A-B1A3-28015975EF52}.Debug|Mixed Platforms.ActiveCfg = Debug|Any CPU
		{1EE9A9DD-9151-437A-B1A3-28015975EF52}.Debug|Mixed Platforms.Build.0 = Debug|Any CPU
		{1EE9A9DD-9151-437A-B1A3-28015975EF52}.Debug|x86.ActiveCfg = Debug|Any CPU
		{1EE9A9DD-9151-437A-B1A3-28015975EF52}.Release|Any CPU.ActiveCfg = Release|Any CPU
		{1EE9A9DD-9151-437A-B1A3-28015975EF52}.Release|Any CPU.Build.0 = Release|Any CPU
		{1EE9A9DD-9151-437A-B1A3-28015975EF52}.Release|Mixed Platforms.ActiveCfg = Release|Any CPU
		{1EE9A9DD-9151-437A-B1A3-28015975EF52}.Release|Mixed Platforms.Build.0 = Release|Any CPU
		{1EE9A9DD-9151-437A-B1A3-28015975EF52}.Release|x86.ActiveCfg = Release|Any CPU
		{24A3CC18-9FA6-4976-8ADE-AC07EE6844FB}.Debug|Any CPU.ActiveCfg = Debug|Any CPU
		{24A3CC18-9FA6-4976-8ADE-AC07EE6844FB}.Debug|Any CPU.Build.0 = Debug|Any CPU
		{24A3CC18-9FA6-4976-8ADE-AC07EE6844FB}.Debug|Mixed Platforms.ActiveCfg = Debug|Any CPU
		{24A3CC18-9FA6-4976-8ADE-AC07EE6844FB}.Debug|Mixed Platforms.Build.0 = Debug|Any CPU
		{24A3CC18-9FA6-4976-8ADE-AC07EE6844FB}.Debug|x86.ActiveCfg = Debug|Any CPU
		{24A3CC18-9FA6-4976-8ADE-AC07EE6844FB}.Release|Any CPU.ActiveCfg = Release|Any CPU
		{24A3CC18-9FA6-4976-8ADE-AC07EE6844FB}.Release|Any CPU.Build.0 = Release|Any CPU
		{24A3CC18-9FA6-4976-8ADE-AC07EE6844FB}.Release|Mixed Platforms.ActiveCfg = Release|Any CPU
		{24A3CC18-9FA6-4976-8ADE-AC07EE6844FB}.Release|Mixed Platforms.Build.0 = Release|Any CPU
		{24A3CC18-9FA6-4976-8ADE-AC07EE6844FB}.Release|x86.ActiveCfg = Release|Any CPU
		{94765995-6577-4720-8F86-7CC1ADBD1D5B}.Debug|Any CPU.ActiveCfg = Debug|Any CPU
		{94765995-6577-4720-8F86-7CC1ADBD1D5B}.Debug|Any CPU.Build.0 = Debug|Any CPU
		{94765995-6577-4720-8F86-7CC1ADBD1D5B}.Debug|Mixed Platforms.ActiveCfg = Debug|Any CPU
		{94765995-6577-4720-8F86-7CC1ADBD1D5B}.Debug|Mixed Platforms.Build.0 = Debug|Any CPU
		{94765995-6577-4720-8F86-7CC1ADBD1D5B}.Debug|x86.ActiveCfg = Debug|Any CPU
		{94765995-6577-4720-8F86-7CC1ADBD1D5B}.Release|Any CPU.ActiveCfg = Release|Any CPU
		{94765995-6577-4720-8F86-7CC1ADBD1D5B}.Release|Any CPU.Build.0 = Release|Any CPU
		{94765995-6577-4720-8F86-7CC1ADBD1D5B}.Release|Mixed Platforms.ActiveCfg = Release|Any CPU
		{94765995-6577-4720-8F86-7CC1ADBD1D5B}.Release|Mixed Platforms.Build.0 = Release|Any CPU
		{94765995-6577-4720-8F86-7CC1ADBD1D5B}.Release|x86.ActiveCfg = Release|Any CPU
		{0B1CD68A-F3E8-4A59-A615-89B5FEA46FCF}.Debug|Any CPU.ActiveCfg = Debug|Any CPU
		{0B1CD68A-F3E8-4A59-A615-89B5FEA46FCF}.Debug|Any CPU.Build.0 = Debug|Any CPU
		{0B1CD68A-F3E8-4A59-A615-89B5FEA46FCF}.Debug|Mixed Platforms.ActiveCfg = Debug|Any CPU
		{0B1CD68A-F3E8-4A59-A615-89B5FEA46FCF}.Debug|Mixed Platforms.Build.0 = Debug|Any CPU
		{0B1CD68A-F3E8-4A59-A615-89B5FEA46FCF}.Debug|x86.ActiveCfg = Debug|Any CPU
		{0B1CD68A-F3E8-4A59-A615-89B5FEA46FCF}.Release|Any CPU.ActiveCfg = Release|Any CPU
		{0B1CD68A-F3E8-4A59-A615-89B5FEA46FCF}.Release|Any CPU.Build.0 = Release|Any CPU
		{0B1CD68A-F3E8-4A59-A615-89B5FEA46FCF}.Release|Mixed Platforms.ActiveCfg = Release|Any CPU
		{0B1CD68A-F3E8-4A59-A615-89B5FEA46FCF}.Release|Mixed Platforms.Build.0 = Release|Any CPU
		{0B1CD68A-F3E8-4A59-A615-89B5FEA46FCF}.Release|x86.ActiveCfg = Release|Any CPU
		{3E089798-771D-44F3-8A99-C990AB47A0B4}.Debug|Any CPU.ActiveCfg = Debug|Any CPU
		{3E089798-771D-44F3-8A99-C990AB47A0B4}.Debug|Any CPU.Build.0 = Debug|Any CPU
		{3E089798-771D-44F3-8A99-C990AB47A0B4}.Debug|Mixed Platforms.ActiveCfg = Debug|Any CPU
		{3E089798-771D-44F3-8A99-C990AB47A0B4}.Debug|Mixed Platforms.Build.0 = Debug|Any CPU
		{3E089798-771D-44F3-8A99-C990AB47A0B4}.Debug|x86.ActiveCfg = Debug|Any CPU
		{3E089798-771D-44F3-8A99-C990AB47A0B4}.Release|Any CPU.ActiveCfg = Release|Any CPU
		{3E089798-771D-44F3-8A99-C990AB47A0B4}.Release|Any CPU.Build.0 = Release|Any CPU
		{3E089798-771D-44F3-8A99-C990AB47A0B4}.Release|Mixed Platforms.ActiveCfg = Release|Any CPU
		{3E089798-771D-44F3-8A99-C990AB47A0B4}.Release|Mixed Platforms.Build.0 = Release|Any CPU
		{3E089798-771D-44F3-8A99-C990AB47A0B4}.Release|x86.ActiveCfg = Release|Any CPU
		{A42C45CD-FFBB-425E-A5D8-540B365D97BB}.Debug|Any CPU.ActiveCfg = Debug|Any CPU
		{A42C45CD-FFBB-425E-A5D8-540B365D97BB}.Debug|Any CPU.Build.0 = Debug|Any CPU
		{A42C45CD-FFBB-425E-A5D8-540B365D97BB}.Debug|Mixed Platforms.ActiveCfg = Debug|Any CPU
		{A42C45CD-FFBB-425E-A5D8-540B365D97BB}.Debug|Mixed Platforms.Build.0 = Debug|Any CPU
		{A42C45CD-FFBB-425E-A5D8-540B365D97BB}.Debug|x86.ActiveCfg = Debug|Any CPU
		{A42C45CD-FFBB-425E-A5D8-540B365D97BB}.Release|Any CPU.ActiveCfg = Release|Any CPU
		{A42C45CD-FFBB-425E-A5D8-540B365D97BB}.Release|Any CPU.Build.0 = Release|Any CPU
		{A42C45CD-FFBB-425E-A5D8-540B365D97BB}.Release|Mixed Platforms.ActiveCfg = Release|Any CPU
		{A42C45CD-FFBB-425E-A5D8-540B365D97BB}.Release|Mixed Platforms.Build.0 = Release|Any CPU
		{A42C45CD-FFBB-425E-A5D8-540B365D97BB}.Release|x86.ActiveCfg = Release|Any CPU
		{CF2B7682-FA1E-4CDC-8A8C-30D610D18C5E}.Debug|Any CPU.ActiveCfg = Debug|Any CPU
		{CF2B7682-FA1E-4CDC-8A8C-30D610D18C5E}.Debug|Any CPU.Build.0 = Debug|Any CPU
		{CF2B7682-FA1E-4CDC-8A8C-30D610D18C5E}.Debug|Mixed Platforms.ActiveCfg = Debug|Any CPU
		{CF2B7682-FA1E-4CDC-8A8C-30D610D18C5E}.Debug|Mixed Platforms.Build.0 = Debug|Any CPU
		{CF2B7682-FA1E-4CDC-8A8C-30D610D18C5E}.Debug|x86.ActiveCfg = Debug|Any CPU
		{CF2B7682-FA1E-4CDC-8A8C-30D610D18C5E}.Release|Any CPU.ActiveCfg = Release|Any CPU
		{CF2B7682-FA1E-4CDC-8A8C-30D610D18C5E}.Release|Any CPU.Build.0 = Release|Any CPU
		{CF2B7682-FA1E-4CDC-8A8C-30D610D18C5E}.Release|Mixed Platforms.ActiveCfg = Release|Any CPU
		{CF2B7682-FA1E-4CDC-8A8C-30D610D18C5E}.Release|Mixed Platforms.Build.0 = Release|Any CPU
		{CF2B7682-FA1E-4CDC-8A8C-30D610D18C5E}.Release|x86.ActiveCfg = Release|Any CPU
		{BC8CC2BB-9EAF-4A32-BA6A-229386ABCA72}.Debug|Any CPU.ActiveCfg = Debug|Any CPU
		{BC8CC2BB-9EAF-4A32-BA6A-229386ABCA72}.Debug|Any CPU.Build.0 = Debug|Any CPU
		{BC8CC2BB-9EAF-4A32-BA6A-229386ABCA72}.Debug|Mixed Platforms.ActiveCfg = Debug|Any CPU
		{BC8CC2BB-9EAF-4A32-BA6A-229386ABCA72}.Debug|Mixed Platforms.Build.0 = Debug|Any CPU
		{BC8CC2BB-9EAF-4A32-BA6A-229386ABCA72}.Debug|x86.ActiveCfg = Debug|Any CPU
		{BC8CC2BB-9EAF-4A32-BA6A-229386ABCA72}.Release|Any CPU.ActiveCfg = Release|Any CPU
		{BC8CC2BB-9EAF-4A32-BA6A-229386ABCA72}.Release|Any CPU.Build.0 = Release|Any CPU
		{BC8CC2BB-9EAF-4A32-BA6A-229386ABCA72}.Release|Mixed Platforms.ActiveCfg = Release|Any CPU
		{BC8CC2BB-9EAF-4A32-BA6A-229386ABCA72}.Release|Mixed Platforms.Build.0 = Release|Any CPU
		{BC8CC2BB-9EAF-4A32-BA6A-229386ABCA72}.Release|x86.ActiveCfg = Release|Any CPU
		{72DB3928-1A94-4E8B-8013-052AFFF74AAE}.Debug|Any CPU.ActiveCfg = Debug|Any CPU
		{72DB3928-1A94-4E8B-8013-052AFFF74AAE}.Debug|Any CPU.Build.0 = Debug|Any CPU
		{72DB3928-1A94-4E8B-8013-052AFFF74AAE}.Debug|Mixed Platforms.ActiveCfg = Debug|Any CPU
		{72DB3928-1A94-4E8B-8013-052AFFF74AAE}.Debug|Mixed Platforms.Build.0 = Debug|Any CPU
		{72DB3928-1A94-4E8B-8013-052AFFF74AAE}.Debug|x86.ActiveCfg = Debug|Any CPU
		{72DB3928-1A94-4E8B-8013-052AFFF74AAE}.Release|Any CPU.ActiveCfg = Release|Any CPU
		{72DB3928-1A94-4E8B-8013-052AFFF74AAE}.Release|Any CPU.Build.0 = Release|Any CPU
		{72DB3928-1A94-4E8B-8013-052AFFF74AAE}.Release|Mixed Platforms.ActiveCfg = Release|Any CPU
		{72DB3928-1A94-4E8B-8013-052AFFF74AAE}.Release|Mixed Platforms.Build.0 = Release|Any CPU
		{72DB3928-1A94-4E8B-8013-052AFFF74AAE}.Release|x86.ActiveCfg = Release|Any CPU
		{CA372D03-699E-4D6A-80FA-567940BFA130}.Debug|Any CPU.ActiveCfg = Debug|Any CPU
		{CA372D03-699E-4D6A-80FA-567940BFA130}.Debug|Any CPU.Build.0 = Debug|Any CPU
		{CA372D03-699E-4D6A-80FA-567940BFA130}.Debug|Mixed Platforms.ActiveCfg = Debug|Any CPU
		{CA372D03-699E-4D6A-80FA-567940BFA130}.Debug|Mixed Platforms.Build.0 = Debug|Any CPU
		{CA372D03-699E-4D6A-80FA-567940BFA130}.Debug|x86.ActiveCfg = Debug|Any CPU
		{CA372D03-699E-4D6A-80FA-567940BFA130}.Release|Any CPU.ActiveCfg = Release|Any CPU
		{CA372D03-699E-4D6A-80FA-567940BFA130}.Release|Any CPU.Build.0 = Release|Any CPU
		{CA372D03-699E-4D6A-80FA-567940BFA130}.Release|Mixed Platforms.ActiveCfg = Release|Any CPU
		{CA372D03-699E-4D6A-80FA-567940BFA130}.Release|Mixed Platforms.Build.0 = Release|Any CPU
		{CA372D03-699E-4D6A-80FA-567940BFA130}.Release|x86.ActiveCfg = Release|Any CPU
		{191571FE-40D2-4095-9705-D3020445B65F}.Debug|Any CPU.ActiveCfg = Debug|Any CPU
		{191571FE-40D2-4095-9705-D3020445B65F}.Debug|Any CPU.Build.0 = Debug|Any CPU
		{191571FE-40D2-4095-9705-D3020445B65F}.Debug|Mixed Platforms.ActiveCfg = Debug|Any CPU
		{191571FE-40D2-4095-9705-D3020445B65F}.Debug|Mixed Platforms.Build.0 = Debug|Any CPU
		{191571FE-40D2-4095-9705-D3020445B65F}.Debug|x86.ActiveCfg = Debug|Any CPU
		{191571FE-40D2-4095-9705-D3020445B65F}.Release|Any CPU.ActiveCfg = Release|Any CPU
		{191571FE-40D2-4095-9705-D3020445B65F}.Release|Any CPU.Build.0 = Release|Any CPU
		{191571FE-40D2-4095-9705-D3020445B65F}.Release|Mixed Platforms.ActiveCfg = Release|Any CPU
		{191571FE-40D2-4095-9705-D3020445B65F}.Release|Mixed Platforms.Build.0 = Release|Any CPU
		{191571FE-40D2-4095-9705-D3020445B65F}.Release|x86.ActiveCfg = Release|Any CPU
		{003E77D0-671D-4B79-975C-A8CB0B4B1361}.Debug|Any CPU.ActiveCfg = Debug|Any CPU
		{003E77D0-671D-4B79-975C-A8CB0B4B1361}.Debug|Any CPU.Build.0 = Debug|Any CPU
		{003E77D0-671D-4B79-975C-A8CB0B4B1361}.Debug|Mixed Platforms.ActiveCfg = Debug|Any CPU
		{003E77D0-671D-4B79-975C-A8CB0B4B1361}.Debug|Mixed Platforms.Build.0 = Debug|Any CPU
		{003E77D0-671D-4B79-975C-A8CB0B4B1361}.Debug|x86.ActiveCfg = Debug|Any CPU
		{003E77D0-671D-4B79-975C-A8CB0B4B1361}.Release|Any CPU.ActiveCfg = Release|Any CPU
		{003E77D0-671D-4B79-975C-A8CB0B4B1361}.Release|Any CPU.Build.0 = Release|Any CPU
		{003E77D0-671D-4B79-975C-A8CB0B4B1361}.Release|Mixed Platforms.ActiveCfg = Release|Any CPU
		{003E77D0-671D-4B79-975C-A8CB0B4B1361}.Release|Mixed Platforms.Build.0 = Release|Any CPU
		{003E77D0-671D-4B79-975C-A8CB0B4B1361}.Release|x86.ActiveCfg = Release|Any CPU
		{2CCCFC6A-E087-48B1-8600-5E619E07613A}.Debug|Any CPU.ActiveCfg = Debug|Any CPU
		{2CCCFC6A-E087-48B1-8600-5E619E07613A}.Debug|Any CPU.Build.0 = Debug|Any CPU
		{2CCCFC6A-E087-48B1-8600-5E619E07613A}.Debug|Mixed Platforms.ActiveCfg = Debug|Any CPU
		{2CCCFC6A-E087-48B1-8600-5E619E07613A}.Debug|Mixed Platforms.Build.0 = Debug|Any CPU
		{2CCCFC6A-E087-48B1-8600-5E619E07613A}.Debug|x86.ActiveCfg = Debug|Any CPU
		{2CCCFC6A-E087-48B1-8600-5E619E07613A}.Release|Any CPU.ActiveCfg = Release|Any CPU
		{2CCCFC6A-E087-48B1-8600-5E619E07613A}.Release|Any CPU.Build.0 = Release|Any CPU
		{2CCCFC6A-E087-48B1-8600-5E619E07613A}.Release|Mixed Platforms.ActiveCfg = Release|Any CPU
		{2CCCFC6A-E087-48B1-8600-5E619E07613A}.Release|Mixed Platforms.Build.0 = Release|Any CPU
		{2CCCFC6A-E087-48B1-8600-5E619E07613A}.Release|x86.ActiveCfg = Release|Any CPU
		{9AD10300-505D-4B2B-8376-B6049EE47BFA}.Debug|Any CPU.ActiveCfg = Debug|Any CPU
		{9AD10300-505D-4B2B-8376-B6049EE47BFA}.Debug|Any CPU.Build.0 = Debug|Any CPU
		{9AD10300-505D-4B2B-8376-B6049EE47BFA}.Debug|Mixed Platforms.ActiveCfg = Debug|Any CPU
		{9AD10300-505D-4B2B-8376-B6049EE47BFA}.Debug|Mixed Platforms.Build.0 = Debug|Any CPU
		{9AD10300-505D-4B2B-8376-B6049EE47BFA}.Debug|x86.ActiveCfg = Debug|Any CPU
		{9AD10300-505D-4B2B-8376-B6049EE47BFA}.Release|Any CPU.ActiveCfg = Release|Any CPU
		{9AD10300-505D-4B2B-8376-B6049EE47BFA}.Release|Any CPU.Build.0 = Release|Any CPU
		{9AD10300-505D-4B2B-8376-B6049EE47BFA}.Release|Mixed Platforms.ActiveCfg = Release|Any CPU
		{9AD10300-505D-4B2B-8376-B6049EE47BFA}.Release|Mixed Platforms.Build.0 = Release|Any CPU
		{9AD10300-505D-4B2B-8376-B6049EE47BFA}.Release|x86.ActiveCfg = Release|Any CPU
		{63ED7282-D4D5-4AE0-B46A-E95582D9536D}.Debug|Any CPU.ActiveCfg = Debug|Any CPU
		{63ED7282-D4D5-4AE0-B46A-E95582D9536D}.Debug|Any CPU.Build.0 = Debug|Any CPU
		{63ED7282-D4D5-4AE0-B46A-E95582D9536D}.Debug|Mixed Platforms.ActiveCfg = Debug|Any CPU
		{63ED7282-D4D5-4AE0-B46A-E95582D9536D}.Debug|Mixed Platforms.Build.0 = Debug|Any CPU
		{63ED7282-D4D5-4AE0-B46A-E95582D9536D}.Debug|x86.ActiveCfg = Debug|Any CPU
		{63ED7282-D4D5-4AE0-B46A-E95582D9536D}.Release|Any CPU.ActiveCfg = Release|Any CPU
		{63ED7282-D4D5-4AE0-B46A-E95582D9536D}.Release|Any CPU.Build.0 = Release|Any CPU
		{63ED7282-D4D5-4AE0-B46A-E95582D9536D}.Release|Mixed Platforms.ActiveCfg = Release|Any CPU
		{63ED7282-D4D5-4AE0-B46A-E95582D9536D}.Release|Mixed Platforms.Build.0 = Release|Any CPU
		{63ED7282-D4D5-4AE0-B46A-E95582D9536D}.Release|x86.ActiveCfg = Release|Any CPU
		{9E9F89C1-91BE-4595-8D69-3E56AFC1BC4C}.Debug|Any CPU.ActiveCfg = Debug|Any CPU
		{9E9F89C1-91BE-4595-8D69-3E56AFC1BC4C}.Debug|Any CPU.Build.0 = Debug|Any CPU
		{9E9F89C1-91BE-4595-8D69-3E56AFC1BC4C}.Debug|Mixed Platforms.ActiveCfg = Debug|Any CPU
		{9E9F89C1-91BE-4595-8D69-3E56AFC1BC4C}.Debug|x86.ActiveCfg = Debug|Any CPU
		{9E9F89C1-91BE-4595-8D69-3E56AFC1BC4C}.Release|Any CPU.ActiveCfg = Release|Any CPU
		{9E9F89C1-91BE-4595-8D69-3E56AFC1BC4C}.Release|Any CPU.Build.0 = Release|Any CPU
		{9E9F89C1-91BE-4595-8D69-3E56AFC1BC4C}.Release|Mixed Platforms.ActiveCfg = Release|Any CPU
		{9E9F89C1-91BE-4595-8D69-3E56AFC1BC4C}.Release|Mixed Platforms.Build.0 = Release|Any CPU
		{9E9F89C1-91BE-4595-8D69-3E56AFC1BC4C}.Release|x86.ActiveCfg = Release|Any CPU
		{1635C34B-0CBF-48C0-8A8A-75E0A698FE7D}.Debug|Any CPU.ActiveCfg = Debug|Any CPU
		{1635C34B-0CBF-48C0-8A8A-75E0A698FE7D}.Debug|Any CPU.Build.0 = Debug|Any CPU
		{1635C34B-0CBF-48C0-8A8A-75E0A698FE7D}.Debug|Mixed Platforms.ActiveCfg = Debug|Any CPU
		{1635C34B-0CBF-48C0-8A8A-75E0A698FE7D}.Debug|Mixed Platforms.Build.0 = Debug|Any CPU
		{1635C34B-0CBF-48C0-8A8A-75E0A698FE7D}.Debug|x86.ActiveCfg = Debug|Any CPU
		{1635C34B-0CBF-48C0-8A8A-75E0A698FE7D}.Release|Any CPU.ActiveCfg = Release|Any CPU
		{1635C34B-0CBF-48C0-8A8A-75E0A698FE7D}.Release|Any CPU.Build.0 = Release|Any CPU
		{1635C34B-0CBF-48C0-8A8A-75E0A698FE7D}.Release|Mixed Platforms.ActiveCfg = Release|Any CPU
		{1635C34B-0CBF-48C0-8A8A-75E0A698FE7D}.Release|Mixed Platforms.Build.0 = Release|Any CPU
		{1635C34B-0CBF-48C0-8A8A-75E0A698FE7D}.Release|x86.ActiveCfg = Release|Any CPU
		{AED8C51C-C073-43BF-BD6E-00D033B589E8}.Debug|Any CPU.ActiveCfg = Debug|Any CPU
		{AED8C51C-C073-43BF-BD6E-00D033B589E8}.Debug|Any CPU.Build.0 = Debug|Any CPU
		{AED8C51C-C073-43BF-BD6E-00D033B589E8}.Debug|Mixed Platforms.ActiveCfg = Debug|Any CPU
		{AED8C51C-C073-43BF-BD6E-00D033B589E8}.Debug|Mixed Platforms.Build.0 = Debug|Any CPU
		{AED8C51C-C073-43BF-BD6E-00D033B589E8}.Debug|x86.ActiveCfg = Debug|Any CPU
		{AED8C51C-C073-43BF-BD6E-00D033B589E8}.Release|Any CPU.ActiveCfg = Release|Any CPU
		{AED8C51C-C073-43BF-BD6E-00D033B589E8}.Release|Any CPU.Build.0 = Release|Any CPU
		{AED8C51C-C073-43BF-BD6E-00D033B589E8}.Release|Mixed Platforms.ActiveCfg = Release|Any CPU
		{AED8C51C-C073-43BF-BD6E-00D033B589E8}.Release|Mixed Platforms.Build.0 = Release|Any CPU
		{AED8C51C-C073-43BF-BD6E-00D033B589E8}.Release|x86.ActiveCfg = Release|Any CPU
		{242C27A8-FFBB-48C3-93BE-96AA11455BF3}.Debug|Any CPU.ActiveCfg = Debug|Any CPU
		{242C27A8-FFBB-48C3-93BE-96AA11455BF3}.Debug|Any CPU.Build.0 = Debug|Any CPU
		{242C27A8-FFBB-48C3-93BE-96AA11455BF3}.Debug|Mixed Platforms.ActiveCfg = Debug|Any CPU
		{242C27A8-FFBB-48C3-93BE-96AA11455BF3}.Debug|Mixed Platforms.Build.0 = Debug|Any CPU
		{242C27A8-FFBB-48C3-93BE-96AA11455BF3}.Debug|x86.ActiveCfg = Debug|Any CPU
		{242C27A8-FFBB-48C3-93BE-96AA11455BF3}.Release|Any CPU.ActiveCfg = Release|Any CPU
		{242C27A8-FFBB-48C3-93BE-96AA11455BF3}.Release|Any CPU.Build.0 = Release|Any CPU
		{242C27A8-FFBB-48C3-93BE-96AA11455BF3}.Release|Mixed Platforms.ActiveCfg = Release|Any CPU
		{242C27A8-FFBB-48C3-93BE-96AA11455BF3}.Release|Mixed Platforms.Build.0 = Release|Any CPU
		{242C27A8-FFBB-48C3-93BE-96AA11455BF3}.Release|x86.ActiveCfg = Release|Any CPU
		{5FD93A71-D5B7-43FF-8996-29232B518B3A}.Debug|Any CPU.ActiveCfg = Debug|Any CPU
		{5FD93A71-D5B7-43FF-8996-29232B518B3A}.Debug|Any CPU.Build.0 = Debug|Any CPU
		{5FD93A71-D5B7-43FF-8996-29232B518B3A}.Debug|Mixed Platforms.ActiveCfg = Debug|Any CPU
		{5FD93A71-D5B7-43FF-8996-29232B518B3A}.Debug|Mixed Platforms.Build.0 = Debug|Any CPU
		{5FD93A71-D5B7-43FF-8996-29232B518B3A}.Debug|x86.ActiveCfg = Debug|Any CPU
		{5FD93A71-D5B7-43FF-8996-29232B518B3A}.Release|Any CPU.ActiveCfg = Release|Any CPU
		{5FD93A71-D5B7-43FF-8996-29232B518B3A}.Release|Any CPU.Build.0 = Release|Any CPU
		{5FD93A71-D5B7-43FF-8996-29232B518B3A}.Release|Mixed Platforms.ActiveCfg = Release|Any CPU
		{5FD93A71-D5B7-43FF-8996-29232B518B3A}.Release|Mixed Platforms.Build.0 = Release|Any CPU
		{5FD93A71-D5B7-43FF-8996-29232B518B3A}.Release|x86.ActiveCfg = Release|Any CPU
		{05DEDCC9-9D79-4F0E-A869-8C6F880A13B8}.Debug|Any CPU.ActiveCfg = Debug|Any CPU
		{05DEDCC9-9D79-4F0E-A869-8C6F880A13B8}.Debug|Any CPU.Build.0 = Debug|Any CPU
		{05DEDCC9-9D79-4F0E-A869-8C6F880A13B8}.Debug|Mixed Platforms.ActiveCfg = Debug|Any CPU
		{05DEDCC9-9D79-4F0E-A869-8C6F880A13B8}.Debug|Mixed Platforms.Build.0 = Debug|Any CPU
		{05DEDCC9-9D79-4F0E-A869-8C6F880A13B8}.Debug|x86.ActiveCfg = Debug|Any CPU
		{05DEDCC9-9D79-4F0E-A869-8C6F880A13B8}.Release|Any CPU.ActiveCfg = Release|Any CPU
		{05DEDCC9-9D79-4F0E-A869-8C6F880A13B8}.Release|Any CPU.Build.0 = Release|Any CPU
		{05DEDCC9-9D79-4F0E-A869-8C6F880A13B8}.Release|Mixed Platforms.ActiveCfg = Release|Any CPU
		{05DEDCC9-9D79-4F0E-A869-8C6F880A13B8}.Release|Mixed Platforms.Build.0 = Release|Any CPU
		{05DEDCC9-9D79-4F0E-A869-8C6F880A13B8}.Release|x86.ActiveCfg = Release|Any CPU
		{48B07690-FE69-4BFE-8F99-5556AE60AE5A}.Debug|Any CPU.ActiveCfg = Debug|Any CPU
		{48B07690-FE69-4BFE-8F99-5556AE60AE5A}.Debug|Any CPU.Build.0 = Debug|Any CPU
		{48B07690-FE69-4BFE-8F99-5556AE60AE5A}.Debug|Mixed Platforms.ActiveCfg = Debug|Any CPU
		{48B07690-FE69-4BFE-8F99-5556AE60AE5A}.Debug|Mixed Platforms.Build.0 = Debug|Any CPU
		{48B07690-FE69-4BFE-8F99-5556AE60AE5A}.Debug|x86.ActiveCfg = Debug|Any CPU
		{48B07690-FE69-4BFE-8F99-5556AE60AE5A}.Release|Any CPU.ActiveCfg = Release|Any CPU
		{48B07690-FE69-4BFE-8F99-5556AE60AE5A}.Release|Any CPU.Build.0 = Release|Any CPU
		{48B07690-FE69-4BFE-8F99-5556AE60AE5A}.Release|Mixed Platforms.ActiveCfg = Release|Any CPU
		{48B07690-FE69-4BFE-8F99-5556AE60AE5A}.Release|Mixed Platforms.Build.0 = Release|Any CPU
		{48B07690-FE69-4BFE-8F99-5556AE60AE5A}.Release|x86.ActiveCfg = Release|Any CPU
		{7D4930BB-2807-4F89-8318-A42941AE70D3}.Debug|Any CPU.ActiveCfg = Debug|Any CPU
		{7D4930BB-2807-4F89-8318-A42941AE70D3}.Debug|Any CPU.Build.0 = Debug|Any CPU
		{7D4930BB-2807-4F89-8318-A42941AE70D3}.Debug|Mixed Platforms.ActiveCfg = Debug|Any CPU
		{7D4930BB-2807-4F89-8318-A42941AE70D3}.Debug|Mixed Platforms.Build.0 = Debug|Any CPU
		{7D4930BB-2807-4F89-8318-A42941AE70D3}.Debug|x86.ActiveCfg = Debug|Any CPU
		{7D4930BB-2807-4F89-8318-A42941AE70D3}.Release|Any CPU.ActiveCfg = Release|Any CPU
		{7D4930BB-2807-4F89-8318-A42941AE70D3}.Release|Any CPU.Build.0 = Release|Any CPU
		{7D4930BB-2807-4F89-8318-A42941AE70D3}.Release|Mixed Platforms.ActiveCfg = Release|Any CPU
		{7D4930BB-2807-4F89-8318-A42941AE70D3}.Release|Mixed Platforms.Build.0 = Release|Any CPU
		{7D4930BB-2807-4F89-8318-A42941AE70D3}.Release|x86.ActiveCfg = Release|Any CPU
		{DE7AD7E1-6B6C-403F-8B41-72744F2F05CC}.Debug|Any CPU.ActiveCfg = Debug|Any CPU
		{DE7AD7E1-6B6C-403F-8B41-72744F2F05CC}.Debug|Any CPU.Build.0 = Debug|Any CPU
		{DE7AD7E1-6B6C-403F-8B41-72744F2F05CC}.Debug|Mixed Platforms.ActiveCfg = Debug|Any CPU
		{DE7AD7E1-6B6C-403F-8B41-72744F2F05CC}.Debug|Mixed Platforms.Build.0 = Debug|Any CPU
		{DE7AD7E1-6B6C-403F-8B41-72744F2F05CC}.Debug|x86.ActiveCfg = Debug|Any CPU
		{DE7AD7E1-6B6C-403F-8B41-72744F2F05CC}.Release|Any CPU.ActiveCfg = Release|Any CPU
		{DE7AD7E1-6B6C-403F-8B41-72744F2F05CC}.Release|Any CPU.Build.0 = Release|Any CPU
		{DE7AD7E1-6B6C-403F-8B41-72744F2F05CC}.Release|Mixed Platforms.ActiveCfg = Release|Any CPU
		{DE7AD7E1-6B6C-403F-8B41-72744F2F05CC}.Release|Mixed Platforms.Build.0 = Release|Any CPU
		{DE7AD7E1-6B6C-403F-8B41-72744F2F05CC}.Release|x86.ActiveCfg = Release|Any CPU
		{21F954A4-84FA-4217-B275-A60F547C7EF1}.Debug|Any CPU.ActiveCfg = Debug|Any CPU
		{21F954A4-84FA-4217-B275-A60F547C7EF1}.Debug|Any CPU.Build.0 = Debug|Any CPU
		{21F954A4-84FA-4217-B275-A60F547C7EF1}.Debug|Mixed Platforms.ActiveCfg = Debug|Any CPU
		{21F954A4-84FA-4217-B275-A60F547C7EF1}.Debug|Mixed Platforms.Build.0 = Debug|Any CPU
		{21F954A4-84FA-4217-B275-A60F547C7EF1}.Debug|x86.ActiveCfg = Debug|Any CPU
		{21F954A4-84FA-4217-B275-A60F547C7EF1}.Release|Any CPU.ActiveCfg = Release|Any CPU
		{21F954A4-84FA-4217-B275-A60F547C7EF1}.Release|Any CPU.Build.0 = Release|Any CPU
		{21F954A4-84FA-4217-B275-A60F547C7EF1}.Release|Mixed Platforms.ActiveCfg = Release|Any CPU
		{21F954A4-84FA-4217-B275-A60F547C7EF1}.Release|Mixed Platforms.Build.0 = Release|Any CPU
		{21F954A4-84FA-4217-B275-A60F547C7EF1}.Release|x86.ActiveCfg = Release|Any CPU
		{4B8E9DB9-1E3C-42E2-8A61-6BF503CD44AF}.Debug|Any CPU.ActiveCfg = Debug|Any CPU
		{4B8E9DB9-1E3C-42E2-8A61-6BF503CD44AF}.Debug|Any CPU.Build.0 = Debug|Any CPU
		{4B8E9DB9-1E3C-42E2-8A61-6BF503CD44AF}.Debug|Mixed Platforms.ActiveCfg = Debug|Any CPU
		{4B8E9DB9-1E3C-42E2-8A61-6BF503CD44AF}.Debug|Mixed Platforms.Build.0 = Debug|Any CPU
		{4B8E9DB9-1E3C-42E2-8A61-6BF503CD44AF}.Debug|x86.ActiveCfg = Debug|Any CPU
		{4B8E9DB9-1E3C-42E2-8A61-6BF503CD44AF}.Release|Any CPU.ActiveCfg = Release|Any CPU
		{4B8E9DB9-1E3C-42E2-8A61-6BF503CD44AF}.Release|Any CPU.Build.0 = Release|Any CPU
		{4B8E9DB9-1E3C-42E2-8A61-6BF503CD44AF}.Release|Mixed Platforms.ActiveCfg = Release|Any CPU
		{4B8E9DB9-1E3C-42E2-8A61-6BF503CD44AF}.Release|Mixed Platforms.Build.0 = Release|Any CPU
		{4B8E9DB9-1E3C-42E2-8A61-6BF503CD44AF}.Release|x86.ActiveCfg = Release|Any CPU
		{8F9756B3-0119-4E0F-8E00-87374C072D28}.Debug|Any CPU.ActiveCfg = Debug|Any CPU
		{8F9756B3-0119-4E0F-8E00-87374C072D28}.Debug|Any CPU.Build.0 = Debug|Any CPU
		{8F9756B3-0119-4E0F-8E00-87374C072D28}.Debug|Mixed Platforms.ActiveCfg = Debug|Any CPU
		{8F9756B3-0119-4E0F-8E00-87374C072D28}.Debug|Mixed Platforms.Build.0 = Debug|Any CPU
		{8F9756B3-0119-4E0F-8E00-87374C072D28}.Debug|x86.ActiveCfg = Debug|Any CPU
		{8F9756B3-0119-4E0F-8E00-87374C072D28}.Release|Any CPU.ActiveCfg = Release|Any CPU
		{8F9756B3-0119-4E0F-8E00-87374C072D28}.Release|Any CPU.Build.0 = Release|Any CPU
		{8F9756B3-0119-4E0F-8E00-87374C072D28}.Release|Mixed Platforms.ActiveCfg = Release|Any CPU
		{8F9756B3-0119-4E0F-8E00-87374C072D28}.Release|Mixed Platforms.Build.0 = Release|Any CPU
		{8F9756B3-0119-4E0F-8E00-87374C072D28}.Release|x86.ActiveCfg = Release|Any CPU
		{87B249D1-5284-4376-9C8F-990025C3AEDD}.Debug|Any CPU.ActiveCfg = Debug|Any CPU
		{87B249D1-5284-4376-9C8F-990025C3AEDD}.Debug|Any CPU.Build.0 = Debug|Any CPU
		{87B249D1-5284-4376-9C8F-990025C3AEDD}.Debug|Mixed Platforms.ActiveCfg = Debug|Any CPU
		{87B249D1-5284-4376-9C8F-990025C3AEDD}.Debug|Mixed Platforms.Build.0 = Debug|Any CPU
		{87B249D1-5284-4376-9C8F-990025C3AEDD}.Debug|x86.ActiveCfg = Debug|Any CPU
		{87B249D1-5284-4376-9C8F-990025C3AEDD}.Release|Any CPU.ActiveCfg = Release|Any CPU
		{87B249D1-5284-4376-9C8F-990025C3AEDD}.Release|Any CPU.Build.0 = Release|Any CPU
		{87B249D1-5284-4376-9C8F-990025C3AEDD}.Release|Mixed Platforms.ActiveCfg = Release|Any CPU
		{87B249D1-5284-4376-9C8F-990025C3AEDD}.Release|Mixed Platforms.Build.0 = Release|Any CPU
		{87B249D1-5284-4376-9C8F-990025C3AEDD}.Release|x86.ActiveCfg = Release|Any CPU
		{8D642295-3554-43B7-8E20-C73A745B9C5A}.Debug|Any CPU.ActiveCfg = Debug|Any CPU
		{8D642295-3554-43B7-8E20-C73A745B9C5A}.Debug|Any CPU.Build.0 = Debug|Any CPU
		{8D642295-3554-43B7-8E20-C73A745B9C5A}.Debug|Mixed Platforms.ActiveCfg = Debug|Any CPU
		{8D642295-3554-43B7-8E20-C73A745B9C5A}.Debug|Mixed Platforms.Build.0 = Debug|Any CPU
		{8D642295-3554-43B7-8E20-C73A745B9C5A}.Debug|x86.ActiveCfg = Debug|Any CPU
		{8D642295-3554-43B7-8E20-C73A745B9C5A}.Release|Any CPU.ActiveCfg = Release|Any CPU
		{8D642295-3554-43B7-8E20-C73A745B9C5A}.Release|Any CPU.Build.0 = Release|Any CPU
		{8D642295-3554-43B7-8E20-C73A745B9C5A}.Release|Mixed Platforms.ActiveCfg = Release|Any CPU
		{8D642295-3554-43B7-8E20-C73A745B9C5A}.Release|Mixed Platforms.Build.0 = Release|Any CPU
		{8D642295-3554-43B7-8E20-C73A745B9C5A}.Release|x86.ActiveCfg = Release|Any CPU
		{ACA68DE7-8402-46F3-8864-6EEF6CD1AF79}.Debug|Any CPU.ActiveCfg = Debug|Any CPU
		{ACA68DE7-8402-46F3-8864-6EEF6CD1AF79}.Debug|Any CPU.Build.0 = Debug|Any CPU
		{ACA68DE7-8402-46F3-8864-6EEF6CD1AF79}.Debug|Mixed Platforms.ActiveCfg = Debug|Any CPU
		{ACA68DE7-8402-46F3-8864-6EEF6CD1AF79}.Debug|Mixed Platforms.Build.0 = Debug|Any CPU
		{ACA68DE7-8402-46F3-8864-6EEF6CD1AF79}.Debug|x86.ActiveCfg = Debug|Any CPU
		{ACA68DE7-8402-46F3-8864-6EEF6CD1AF79}.Release|Any CPU.ActiveCfg = Release|Any CPU
		{ACA68DE7-8402-46F3-8864-6EEF6CD1AF79}.Release|Any CPU.Build.0 = Release|Any CPU
		{ACA68DE7-8402-46F3-8864-6EEF6CD1AF79}.Release|Mixed Platforms.ActiveCfg = Release|Any CPU
		{ACA68DE7-8402-46F3-8864-6EEF6CD1AF79}.Release|Mixed Platforms.Build.0 = Release|Any CPU
		{ACA68DE7-8402-46F3-8864-6EEF6CD1AF79}.Release|x86.ActiveCfg = Release|Any CPU
		{2099FB59-6194-4BC7-8AB2-6CABE513082A}.Debug|Any CPU.ActiveCfg = Debug|Any CPU
		{2099FB59-6194-4BC7-8AB2-6CABE513082A}.Debug|Any CPU.Build.0 = Debug|Any CPU
		{2099FB59-6194-4BC7-8AB2-6CABE513082A}.Debug|Mixed Platforms.ActiveCfg = Debug|Any CPU
		{2099FB59-6194-4BC7-8AB2-6CABE513082A}.Debug|Mixed Platforms.Build.0 = Debug|Any CPU
		{2099FB59-6194-4BC7-8AB2-6CABE513082A}.Debug|x86.ActiveCfg = Debug|Any CPU
		{2099FB59-6194-4BC7-8AB2-6CABE513082A}.Release|Any CPU.ActiveCfg = Release|Any CPU
		{2099FB59-6194-4BC7-8AB2-6CABE513082A}.Release|Any CPU.Build.0 = Release|Any CPU
		{2099FB59-6194-4BC7-8AB2-6CABE513082A}.Release|Mixed Platforms.ActiveCfg = Release|Any CPU
		{2099FB59-6194-4BC7-8AB2-6CABE513082A}.Release|Mixed Platforms.Build.0 = Release|Any CPU
		{2099FB59-6194-4BC7-8AB2-6CABE513082A}.Release|x86.ActiveCfg = Release|Any CPU
		{99EEF65F-E520-4AA1-A9E0-DB3EA19A6C16}.Debug|Any CPU.ActiveCfg = Debug|Any CPU
		{99EEF65F-E520-4AA1-A9E0-DB3EA19A6C16}.Debug|Any CPU.Build.0 = Debug|Any CPU
		{99EEF65F-E520-4AA1-A9E0-DB3EA19A6C16}.Debug|Mixed Platforms.ActiveCfg = Debug|Any CPU
		{99EEF65F-E520-4AA1-A9E0-DB3EA19A6C16}.Debug|Mixed Platforms.Build.0 = Debug|Any CPU
		{99EEF65F-E520-4AA1-A9E0-DB3EA19A6C16}.Debug|x86.ActiveCfg = Debug|Any CPU
		{99EEF65F-E520-4AA1-A9E0-DB3EA19A6C16}.Release|Any CPU.ActiveCfg = Release|Any CPU
		{99EEF65F-E520-4AA1-A9E0-DB3EA19A6C16}.Release|Any CPU.Build.0 = Release|Any CPU
		{99EEF65F-E520-4AA1-A9E0-DB3EA19A6C16}.Release|Mixed Platforms.ActiveCfg = Release|Any CPU
		{99EEF65F-E520-4AA1-A9E0-DB3EA19A6C16}.Release|Mixed Platforms.Build.0 = Release|Any CPU
		{99EEF65F-E520-4AA1-A9E0-DB3EA19A6C16}.Release|x86.ActiveCfg = Release|Any CPU
		{C8CF309D-21F1-43F7-BB6B-CF78E2B14245}.Debug|Any CPU.ActiveCfg = Debug|Any CPU
		{C8CF309D-21F1-43F7-BB6B-CF78E2B14245}.Debug|Any CPU.Build.0 = Debug|Any CPU
		{C8CF309D-21F1-43F7-BB6B-CF78E2B14245}.Debug|Mixed Platforms.ActiveCfg = Debug|Any CPU
		{C8CF309D-21F1-43F7-BB6B-CF78E2B14245}.Debug|Mixed Platforms.Build.0 = Debug|Any CPU
		{C8CF309D-21F1-43F7-BB6B-CF78E2B14245}.Debug|x86.ActiveCfg = Debug|Any CPU
		{C8CF309D-21F1-43F7-BB6B-CF78E2B14245}.Release|Any CPU.ActiveCfg = Release|Any CPU
		{C8CF309D-21F1-43F7-BB6B-CF78E2B14245}.Release|Any CPU.Build.0 = Release|Any CPU
		{C8CF309D-21F1-43F7-BB6B-CF78E2B14245}.Release|Mixed Platforms.ActiveCfg = Release|Any CPU
		{C8CF309D-21F1-43F7-BB6B-CF78E2B14245}.Release|Mixed Platforms.Build.0 = Release|Any CPU
		{C8CF309D-21F1-43F7-BB6B-CF78E2B14245}.Release|x86.ActiveCfg = Release|Any CPU
		{CEDCE9B6-EF42-4ABC-8961-0D97C888E0C1}.Debug|Any CPU.ActiveCfg = Debug|Any CPU
		{CEDCE9B6-EF42-4ABC-8961-0D97C888E0C1}.Debug|Any CPU.Build.0 = Debug|Any CPU
		{CEDCE9B6-EF42-4ABC-8961-0D97C888E0C1}.Debug|Mixed Platforms.ActiveCfg = Debug|Any CPU
		{CEDCE9B6-EF42-4ABC-8961-0D97C888E0C1}.Debug|Mixed Platforms.Build.0 = Debug|Any CPU
		{CEDCE9B6-EF42-4ABC-8961-0D97C888E0C1}.Debug|x86.ActiveCfg = Debug|Any CPU
		{CEDCE9B6-EF42-4ABC-8961-0D97C888E0C1}.Release|Any CPU.ActiveCfg = Release|Any CPU
		{CEDCE9B6-EF42-4ABC-8961-0D97C888E0C1}.Release|Any CPU.Build.0 = Release|Any CPU
		{CEDCE9B6-EF42-4ABC-8961-0D97C888E0C1}.Release|Mixed Platforms.ActiveCfg = Release|Any CPU
		{CEDCE9B6-EF42-4ABC-8961-0D97C888E0C1}.Release|Mixed Platforms.Build.0 = Release|Any CPU
		{CEDCE9B6-EF42-4ABC-8961-0D97C888E0C1}.Release|x86.ActiveCfg = Release|Any CPU
		{1292D85C-1A35-4978-9F23-2E502F1CB45F}.Debug|Any CPU.ActiveCfg = Debug|Any CPU
		{1292D85C-1A35-4978-9F23-2E502F1CB45F}.Debug|Any CPU.Build.0 = Debug|Any CPU
		{1292D85C-1A35-4978-9F23-2E502F1CB45F}.Debug|Mixed Platforms.ActiveCfg = Debug|Any CPU
		{1292D85C-1A35-4978-9F23-2E502F1CB45F}.Debug|Mixed Platforms.Build.0 = Debug|Any CPU
		{1292D85C-1A35-4978-9F23-2E502F1CB45F}.Debug|x86.ActiveCfg = Debug|Any CPU
		{1292D85C-1A35-4978-9F23-2E502F1CB45F}.Release|Any CPU.ActiveCfg = Release|Any CPU
		{1292D85C-1A35-4978-9F23-2E502F1CB45F}.Release|Any CPU.Build.0 = Release|Any CPU
		{1292D85C-1A35-4978-9F23-2E502F1CB45F}.Release|Mixed Platforms.ActiveCfg = Release|Any CPU
		{1292D85C-1A35-4978-9F23-2E502F1CB45F}.Release|Mixed Platforms.Build.0 = Release|Any CPU
		{1292D85C-1A35-4978-9F23-2E502F1CB45F}.Release|x86.ActiveCfg = Release|Any CPU
		{266B4DEB-D9C2-4607-A5D5-60F5124E89AE}.Debug|Any CPU.ActiveCfg = Debug|Any CPU
		{266B4DEB-D9C2-4607-A5D5-60F5124E89AE}.Debug|Any CPU.Build.0 = Debug|Any CPU
		{266B4DEB-D9C2-4607-A5D5-60F5124E89AE}.Debug|Mixed Platforms.ActiveCfg = Debug|Any CPU
		{266B4DEB-D9C2-4607-A5D5-60F5124E89AE}.Debug|Mixed Platforms.Build.0 = Debug|Any CPU
		{266B4DEB-D9C2-4607-A5D5-60F5124E89AE}.Debug|x86.ActiveCfg = Debug|Any CPU
		{266B4DEB-D9C2-4607-A5D5-60F5124E89AE}.Release|Any CPU.ActiveCfg = Release|Any CPU
		{266B4DEB-D9C2-4607-A5D5-60F5124E89AE}.Release|Any CPU.Build.0 = Release|Any CPU
		{266B4DEB-D9C2-4607-A5D5-60F5124E89AE}.Release|Mixed Platforms.ActiveCfg = Release|Any CPU
		{266B4DEB-D9C2-4607-A5D5-60F5124E89AE}.Release|Mixed Platforms.Build.0 = Release|Any CPU
		{266B4DEB-D9C2-4607-A5D5-60F5124E89AE}.Release|x86.ActiveCfg = Release|Any CPU
		{234E829D-E7F0-4EE9-BCB7-238F12BE25AD}.Debug|Any CPU.ActiveCfg = Debug|Any CPU
		{234E829D-E7F0-4EE9-BCB7-238F12BE25AD}.Debug|Any CPU.Build.0 = Debug|Any CPU
		{234E829D-E7F0-4EE9-BCB7-238F12BE25AD}.Debug|Mixed Platforms.ActiveCfg = Debug|Any CPU
		{234E829D-E7F0-4EE9-BCB7-238F12BE25AD}.Debug|Mixed Platforms.Build.0 = Debug|Any CPU
		{234E829D-E7F0-4EE9-BCB7-238F12BE25AD}.Debug|x86.ActiveCfg = Debug|Any CPU
		{234E829D-E7F0-4EE9-BCB7-238F12BE25AD}.Release|Any CPU.ActiveCfg = Release|Any CPU
		{234E829D-E7F0-4EE9-BCB7-238F12BE25AD}.Release|Any CPU.Build.0 = Release|Any CPU
		{234E829D-E7F0-4EE9-BCB7-238F12BE25AD}.Release|Mixed Platforms.ActiveCfg = Release|Any CPU
		{234E829D-E7F0-4EE9-BCB7-238F12BE25AD}.Release|Mixed Platforms.Build.0 = Release|Any CPU
		{234E829D-E7F0-4EE9-BCB7-238F12BE25AD}.Release|x86.ActiveCfg = Release|Any CPU
		{EC64CD55-4D60-45A3-BA72-900EFD400F4B}.Debug|Any CPU.ActiveCfg = Debug|Any CPU
		{EC64CD55-4D60-45A3-BA72-900EFD400F4B}.Debug|Any CPU.Build.0 = Debug|Any CPU
		{EC64CD55-4D60-45A3-BA72-900EFD400F4B}.Debug|Mixed Platforms.ActiveCfg = Debug|Any CPU
		{EC64CD55-4D60-45A3-BA72-900EFD400F4B}.Debug|Mixed Platforms.Build.0 = Debug|Any CPU
		{EC64CD55-4D60-45A3-BA72-900EFD400F4B}.Debug|x86.ActiveCfg = Debug|Any CPU
		{EC64CD55-4D60-45A3-BA72-900EFD400F4B}.Release|Any CPU.ActiveCfg = Release|Any CPU
		{EC64CD55-4D60-45A3-BA72-900EFD400F4B}.Release|Any CPU.Build.0 = Release|Any CPU
		{EC64CD55-4D60-45A3-BA72-900EFD400F4B}.Release|Mixed Platforms.ActiveCfg = Release|Any CPU
		{EC64CD55-4D60-45A3-BA72-900EFD400F4B}.Release|Mixed Platforms.Build.0 = Release|Any CPU
		{EC64CD55-4D60-45A3-BA72-900EFD400F4B}.Release|x86.ActiveCfg = Release|Any CPU
		{49BE0D61-4BD1-42B2-B582-77094AF71728}.Debug|Any CPU.ActiveCfg = Debug|x86
		{49BE0D61-4BD1-42B2-B582-77094AF71728}.Debug|Mixed Platforms.ActiveCfg = Debug|x86
		{49BE0D61-4BD1-42B2-B582-77094AF71728}.Debug|Mixed Platforms.Build.0 = Debug|x86
		{49BE0D61-4BD1-42B2-B582-77094AF71728}.Debug|x86.ActiveCfg = Debug|x86
		{49BE0D61-4BD1-42B2-B582-77094AF71728}.Debug|x86.Build.0 = Debug|x86
		{49BE0D61-4BD1-42B2-B582-77094AF71728}.Release|Any CPU.ActiveCfg = Release|x86
		{49BE0D61-4BD1-42B2-B582-77094AF71728}.Release|Mixed Platforms.ActiveCfg = Release|x86
		{49BE0D61-4BD1-42B2-B582-77094AF71728}.Release|Mixed Platforms.Build.0 = Release|x86
		{49BE0D61-4BD1-42B2-B582-77094AF71728}.Release|x86.ActiveCfg = Release|x86
		{49BE0D61-4BD1-42B2-B582-77094AF71728}.Release|x86.Build.0 = Release|x86
		{A10719AF-5C9F-4903-AB83-089EC502EEA2}.Debug|Any CPU.ActiveCfg = Debug|Any CPU
		{A10719AF-5C9F-4903-AB83-089EC502EEA2}.Debug|Any CPU.Build.0 = Debug|Any CPU
		{A10719AF-5C9F-4903-AB83-089EC502EEA2}.Debug|Mixed Platforms.ActiveCfg = Debug|Any CPU
		{A10719AF-5C9F-4903-AB83-089EC502EEA2}.Debug|Mixed Platforms.Build.0 = Debug|Any CPU
		{A10719AF-5C9F-4903-AB83-089EC502EEA2}.Debug|x86.ActiveCfg = Debug|Any CPU
		{A10719AF-5C9F-4903-AB83-089EC502EEA2}.Release|Any CPU.ActiveCfg = Release|Any CPU
		{A10719AF-5C9F-4903-AB83-089EC502EEA2}.Release|Any CPU.Build.0 = Release|Any CPU
		{A10719AF-5C9F-4903-AB83-089EC502EEA2}.Release|Mixed Platforms.ActiveCfg = Release|Any CPU
		{A10719AF-5C9F-4903-AB83-089EC502EEA2}.Release|Mixed Platforms.Build.0 = Release|Any CPU
		{A10719AF-5C9F-4903-AB83-089EC502EEA2}.Release|x86.ActiveCfg = Release|Any CPU
	EndGlobalSection
	GlobalSection(SolutionProperties) = preSolution
		HideSolutionNode = FALSE
	EndGlobalSection
	GlobalSection(NestedProjects) = preSolution
		{64CD131A-2D5F-4E98-A8D2-4C53642636B5} = {DC570D40-939B-4479-AF39-F8C5CD932220}
		{3BA98407-8695-4959-8DDF-EA3B93748C42} = {DC570D40-939B-4479-AF39-F8C5CD932220}
		{5363500D-C42A-459A-9DFC-7BC55299458D} = {DC570D40-939B-4479-AF39-F8C5CD932220}
		{4E5B5722-849E-4595-BE2F-807FCEC78892} = {DC570D40-939B-4479-AF39-F8C5CD932220}
		{F9DC7E86-7AB7-427E-BAB9-1D59315887A7} = {95A5BE6B-DC7D-4C11-B3F5-91162E7F35C2}
		{1038DAE7-8890-4C6B-B2DE-6BE07DD21F24} = {95A5BE6B-DC7D-4C11-B3F5-91162E7F35C2}
		{9D00BC97-0F18-4C7F-A741-E542B7FEBF71} = {95A5BE6B-DC7D-4C11-B3F5-91162E7F35C2}
		{13EC4567-D138-4ECD-B21E-7686BA293F4B} = {95A5BE6B-DC7D-4C11-B3F5-91162E7F35C2}
		{AE54C58E-9512-486B-A165-107CC5ECA0C3} = {95A5BE6B-DC7D-4C11-B3F5-91162E7F35C2}
		{C8993682-0A65-49B6-AEDE-0CA17D1F3BA9} = {C485C159-FFAA-4532-A5C4-D59791C0A049}
		{AE638855-7496-4CD3-8FA6-BE5AFA69DB9C} = {C485C159-FFAA-4532-A5C4-D59791C0A049}
		{297B4B5A-4A9F-4551-9AB0-9270E2803861} = {C485C159-FFAA-4532-A5C4-D59791C0A049}
		{39C80DB4-540C-4492-82B3-A5122ABB8DD7} = {C485C159-FFAA-4532-A5C4-D59791C0A049}
		{DD85537F-583B-44A0-8232-3895ED0D4524} = {C485C159-FFAA-4532-A5C4-D59791C0A049}
		{6861AE82-A33D-4DC7-91D0-98ECEDC674BB} = {C485C159-FFAA-4532-A5C4-D59791C0A049}
		{5A2D6B1D-FF34-480B-AD0F-D41879AE62E2} = {C485C159-FFAA-4532-A5C4-D59791C0A049}
		{1A5E92FF-A0B6-4BCE-82D0-66A9305FF448} = {C485C159-FFAA-4532-A5C4-D59791C0A049}
		{BC776BD7-8486-4DD7-824E-3750E5EF2D8E} = {C485C159-FFAA-4532-A5C4-D59791C0A049}
		{7EC569BE-9A7A-4B21-BABA-000A8D45187F} = {C485C159-FFAA-4532-A5C4-D59791C0A049}
		{A364D159-BBF9-4872-A03F-0A312AAA326D} = {C485C159-FFAA-4532-A5C4-D59791C0A049}
		{02E45B0D-F558-4510-8898-BBDC7F963BA2} = {C485C159-FFAA-4532-A5C4-D59791C0A049}
		{E1E63808-912F-4472-BE28-0E302998967A} = {DDFD196F-30B9-4144-B6EE-87F92E14A241}
		{7526BD9A-CE32-4987-AD20-ED1F48F7572D} = {DDFD196F-30B9-4144-B6EE-87F92E14A241}
		{D25DF173-3451-49AA-9570-269B2880C393} = {DDFD196F-30B9-4144-B6EE-87F92E14A241}
		{ED04BF0C-B4F1-4E9C-80C5-799027EBE260} = {DDFD196F-30B9-4144-B6EE-87F92E14A241}
		{CE38196A-8E97-41C8-831C-EAFACA79D078} = {DDFD196F-30B9-4144-B6EE-87F92E14A241}
		{EC64CD55-4D60-45A3-BA72-900EFD400F4B} = {DDFD196F-30B9-4144-B6EE-87F92E14A241}
		{F6AB9943-F271-4293-B13E-DC58DEF3F59D} = {E1E63808-912F-4472-BE28-0E302998967A}
		{266B4DEB-D9C2-4607-A5D5-60F5124E89AE} = {E1E63808-912F-4472-BE28-0E302998967A}
		{1EE9A9DD-9151-437A-B1A3-28015975EF52} = {7526BD9A-CE32-4987-AD20-ED1F48F7572D}
		{1C4FAAB4-7CE4-4A10-9600-855A984B0805} = {C8993682-0A65-49B6-AEDE-0CA17D1F3BA9}
		{E3BC5B92-3318-40C2-B7A7-73300F0DCE81} = {C8993682-0A65-49B6-AEDE-0CA17D1F3BA9}
		{8F052CCD-EA57-4D14-A9B1-AF605E763D41} = {AE638855-7496-4CD3-8FA6-BE5AFA69DB9C}
		{D874BD9A-B5A2-410F-8B48-25FA06A9C44B} = {AE638855-7496-4CD3-8FA6-BE5AFA69DB9C}
		{DE7AD7E1-6B6C-403F-8B41-72744F2F05CC} = {AE638855-7496-4CD3-8FA6-BE5AFA69DB9C}
		{24A3CC18-9FA6-4976-8ADE-AC07EE6844FB} = {F9DC7E86-7AB7-427E-BAB9-1D59315887A7}
		{94765995-6577-4720-8F86-7CC1ADBD1D5B} = {F9DC7E86-7AB7-427E-BAB9-1D59315887A7}
		{0B1CD68A-F3E8-4A59-A615-89B5FEA46FCF} = {1038DAE7-8890-4C6B-B2DE-6BE07DD21F24}
		{5FD93A71-D5B7-43FF-8996-29232B518B3A} = {1038DAE7-8890-4C6B-B2DE-6BE07DD21F24}
		{A42C45CD-FFBB-425E-A5D8-540B365D97BB} = {297B4B5A-4A9F-4551-9AB0-9270E2803861}
		{3E089798-771D-44F3-8A99-C990AB47A0B4} = {297B4B5A-4A9F-4551-9AB0-9270E2803861}
		{CF2B7682-FA1E-4CDC-8A8C-30D610D18C5E} = {39C80DB4-540C-4492-82B3-A5122ABB8DD7}
		{BC8CC2BB-9EAF-4A32-BA6A-229386ABCA72} = {39C80DB4-540C-4492-82B3-A5122ABB8DD7}
		{9E9F89C1-91BE-4595-8D69-3E56AFC1BC4C} = {3BA98407-8695-4959-8DDF-EA3B93748C42}
		{1635C34B-0CBF-48C0-8A8A-75E0A698FE7D} = {3BA98407-8695-4959-8DDF-EA3B93748C42}
		{2099FB59-6194-4BC7-8AB2-6CABE513082A} = {3BA98407-8695-4959-8DDF-EA3B93748C42}
		{99EEF65F-E520-4AA1-A9E0-DB3EA19A6C16} = {3BA98407-8695-4959-8DDF-EA3B93748C42}
		{72DB3928-1A94-4E8B-8013-052AFFF74AAE} = {DD85537F-583B-44A0-8232-3895ED0D4524}
		{CA372D03-699E-4D6A-80FA-567940BFA130} = {6861AE82-A33D-4DC7-91D0-98ECEDC674BB}
		{21F954A4-84FA-4217-B275-A60F547C7EF1} = {6861AE82-A33D-4DC7-91D0-98ECEDC674BB}
		{191571FE-40D2-4095-9705-D3020445B65F} = {5A2D6B1D-FF34-480B-AD0F-D41879AE62E2}
		{ACA68DE7-8402-46F3-8864-6EEF6CD1AF79} = {5A2D6B1D-FF34-480B-AD0F-D41879AE62E2}
		{003E77D0-671D-4B79-975C-A8CB0B4B1361} = {1A5E92FF-A0B6-4BCE-82D0-66A9305FF448}
		{AED8C51C-C073-43BF-BD6E-00D033B589E8} = {1A5E92FF-A0B6-4BCE-82D0-66A9305FF448}
		{2CCCFC6A-E087-48B1-8600-5E619E07613A} = {BC776BD7-8486-4DD7-824E-3750E5EF2D8E}
		{9AD10300-505D-4B2B-8376-B6049EE47BFA} = {7EC569BE-9A7A-4B21-BABA-000A8D45187F}
		{63ED7282-D4D5-4AE0-B46A-E95582D9536D} = {A364D159-BBF9-4872-A03F-0A312AAA326D}
		{242C27A8-FFBB-48C3-93BE-96AA11455BF3} = {5363500D-C42A-459A-9DFC-7BC55299458D}
		{C8CF309D-21F1-43F7-BB6B-CF78E2B14245} = {5363500D-C42A-459A-9DFC-7BC55299458D}
		{CEDCE9B6-EF42-4ABC-8961-0D97C888E0C1} = {5363500D-C42A-459A-9DFC-7BC55299458D}
		{05DEDCC9-9D79-4F0E-A869-8C6F880A13B8} = {02E45B0D-F558-4510-8898-BBDC7F963BA2}
		{48B07690-FE69-4BFE-8F99-5556AE60AE5A} = {9D00BC97-0F18-4C7F-A741-E542B7FEBF71}
		{7D4930BB-2807-4F89-8318-A42941AE70D3} = {9D00BC97-0F18-4C7F-A741-E542B7FEBF71}
		{5A1715C2-A5A6-45AD-A78B-7F9E9A0DE2EC} = {4E5B5722-849E-4595-BE2F-807FCEC78892}
		{87B249D1-5284-4376-9C8F-990025C3AEDD} = {4E5B5722-849E-4595-BE2F-807FCEC78892}
		{8D642295-3554-43B7-8E20-C73A745B9C5A} = {4E5B5722-849E-4595-BE2F-807FCEC78892}
		{4B8E9DB9-1E3C-42E2-8A61-6BF503CD44AF} = {5A1715C2-A5A6-45AD-A78B-7F9E9A0DE2EC}
		{8F9756B3-0119-4E0F-8E00-87374C072D28} = {5A1715C2-A5A6-45AD-A78B-7F9E9A0DE2EC}
		{1292D85C-1A35-4978-9F23-2E502F1CB45F} = {13EC4567-D138-4ECD-B21E-7686BA293F4B}
		{234E829D-E7F0-4EE9-BCB7-238F12BE25AD} = {CE38196A-8E97-41C8-831C-EAFACA79D078}
		{49BE0D61-4BD1-42B2-B582-77094AF71728} = {AE54C58E-9512-486B-A165-107CC5ECA0C3}
		{A10719AF-5C9F-4903-AB83-089EC502EEA2} = {AE54C58E-9512-486B-A165-107CC5ECA0C3}
	EndGlobalSection
EndGlobal
