
Microsoft Visual Studio Solution File, Format Version 11.00
# Visual Studio 2010
Project("{FAE04EC0-301F-11D3-BF4B-00C04F79EFBC}") = "Vanilla.Guardian.Facade", "Gaurdian\Facade\Vanilla.Guardian.Facade.csproj", "{24A3CC18-9FA6-4976-8ADE-AC07EE6844FB}"
EndProject
Project("{2150E333-8FDC-42A3-9474-1A3956D46DE8}") = "Guardian", "Guardian", "{8EA3C558-18BF-4639-9721-A97F3DE22018}"
EndProject
Project("{2150E333-8FDC-42A3-9474-1A3956D46DE8}") = "BinAff", "BinAff", "{E60531CF-592C-4EF3-B375-118032051491}"
EndProject
Project("{2150E333-8FDC-42A3-9474-1A3956D46DE8}") = "Facade", "Facade", "{12F50E04-C89B-4E11-9175-BF3ED58D4256}"
EndProject
Project("{FAE04EC0-301F-11D3-BF4B-00C04F79EFBC}") = "BinAff.Facade.Library", "..\..\..\BinAff\Source Code\BinAff\Facade\Library\BinAff.Facade.Library.csproj", "{F6AB9943-F271-4293-B13E-DC58DEF3F59D}"
EndProject
Project("{2150E333-8FDC-42A3-9474-1A3956D46DE8}") = "Presentation", "Presentation", "{89E8E195-E70B-44DD-BB48-6CE0656D725A}"
EndProject
Project("{FAE04EC0-301F-11D3-BF4B-00C04F79EFBC}") = "BinAff.Presentation.Library", "..\..\..\BinAff\Source Code\BinAff\Presentation\Library\BinAff.Presentation.Library.csproj", "{1EE9A9DD-9151-437A-B1A3-28015975EF52}"
EndProject
Project("{FAE04EC0-301F-11D3-BF4B-00C04F79EFBC}") = "BinAff.Core", "..\..\..\BinAff\Source Code\BinAff\Core\BinAff.Core.csproj", "{D25DF173-3451-49AA-9570-269B2880C393}"
EndProject
Project("{FAE04EC0-301F-11D3-BF4B-00C04F79EFBC}") = "BinAff.Utility", "..\..\..\BinAff\Source Code\BinAff\Utility\BinAff.Utility.csproj", "{ED04BF0C-B4F1-4E9C-80C5-799027EBE260}"
EndProject
Project("{2150E333-8FDC-42A3-9474-1A3956D46DE8}") = "Crystal", "Crystal", "{142B2DE6-FC42-4020-8F3C-DFE1693CAC9B}"
EndProject
Project("{2150E333-8FDC-42A3-9474-1A3956D46DE8}") = "Configuration", "Configuration", "{FF22E62A-18BC-43EA-A711-54D948ED3293}"
EndProject
Project("{2150E333-8FDC-42A3-9474-1A3956D46DE8}") = "Guardian", "Guardian", "{10EB8C7A-CFBE-460E-85F9-FDE84F4071EF}"
EndProject
Project("{FAE04EC0-301F-11D3-BF4B-00C04F79EFBC}") = "Crystal.Configuration.Component", "..\..\..\Crystal\Source Code\Crystal\Configuration\Component\Crystal.Configuration.Component.csproj", "{8F052CCD-EA57-4D14-A9B1-AF605E763D41}"
EndProject
Project("{FAE04EC0-301F-11D3-BF4B-00C04F79EFBC}") = "Crystal.Configuration.Rule", "..\..\..\Crystal\Source Code\Crystal\Configuration\Rule\Crystal.Configuration.Rule.csproj", "{D874BD9A-B5A2-410F-8B48-25FA06A9C44B}"
EndProject
Project("{FAE04EC0-301F-11D3-BF4B-00C04F79EFBC}") = "Crystal.Guardian.Component", "..\..\..\Crystal\Source Code\Crystal\Guardian\Component\Crystal.Guardian.Component.csproj", "{1C4FAAB4-7CE4-4A10-9600-855A984B0805}"
EndProject
Project("{FAE04EC0-301F-11D3-BF4B-00C04F79EFBC}") = "Crystal.Guardian.Rule", "..\..\..\Crystal\Source Code\Crystal\Guardian\Rule\Crystal.Guardian.Rule.csproj", "{E3BC5B92-3318-40C2-B7A7-73300F0DCE81}"
EndProject
Project("{FAE04EC0-301F-11D3-BF4B-00C04F79EFBC}") = "Vanilla.Guardian.WinForm", "Gaurdian\WinForm\Vanilla.Guardian.WinForm.csproj", "{94765995-6577-4720-8F86-7CC1ADBD1D5B}"
EndProject
Project("{2150E333-8FDC-42A3-9474-1A3956D46DE8}") = "Vanilla", "Vanilla", "{54C67F75-C4AB-4498-BA43-4060C0E72FB1}"
EndProject
Project("{2150E333-8FDC-42A3-9474-1A3956D46DE8}") = "Customer", "Customer", "{5BE9502F-84F9-4144-A0AE-B58E72D6BB00}"
EndProject
Project("{FAE04EC0-301F-11D3-BF4B-00C04F79EFBC}") = "Vanilla.Customer.Facade", "Customer\Vanilla.Customer.Facade\Vanilla.Customer.Facade.csproj", "{15803E45-BD2D-4EB7-9448-AA5424E13049}"
EndProject
Project("{FAE04EC0-301F-11D3-BF4B-00C04F79EFBC}") = "Vanilla.Customer.WinForm", "Customer\Vanilla.Customer.WinForm\Vanilla.Customer.WinForm.csproj", "{58A04D93-0359-4C87-8380-38D25871BEC5}"
EndProject
Project("{2150E333-8FDC-42A3-9474-1A3956D46DE8}") = "Customer", "Customer", "{605BFD21-9FBB-4ECD-9021-ED11B90D257A}"
EndProject
Project("{FAE04EC0-301F-11D3-BF4B-00C04F79EFBC}") = "Crystal.Customer.Component", "..\..\..\Crystal\Source Code\Crystal\Customer\Crystal.Customer.Component\Crystal.Customer.Component.csproj", "{CF2B7682-FA1E-4CDC-8A8C-30D610D18C5E}"
EndProject
Project("{FAE04EC0-301F-11D3-BF4B-00C04F79EFBC}") = "Crystal.Customer.Rule", "..\..\..\Crystal\Source Code\Crystal\Customer\Crystal.Customer.Rule\Crystal.Customer.Rule.csproj", "{BC8CC2BB-9EAF-4A32-BA6A-229386ABCA72}"
EndProject
Project("{FAE04EC0-301F-11D3-BF4B-00C04F79EFBC}") = "Vanilla.Customer.Test", "Customer\Vanilla.Customer.Test\Vanilla.Customer.Test.csproj", "{28880CEB-5293-4C0C-89F4-AC34BB993DFC}"
EndProject
Project("{2150E333-8FDC-42A3-9474-1A3956D46DE8}") = "Organization", "Organization", "{ECAF9755-560C-4B36-B2CF-B31A3F46EEF7}"
EndProject
Project("{2150E333-8FDC-42A3-9474-1A3956D46DE8}") = "Organization", "Organization", "{931727AD-64D5-4E24-91C7-FFED7D90184D}"
EndProject
Project("{FAE04EC0-301F-11D3-BF4B-00C04F79EFBC}") = "Crystal.Organization.Component", "..\..\..\Crystal\Source Code\Crystal\Organization\Crystal.Organization.Component\Crystal.Organization.Component.csproj", "{003E77D0-671D-4B79-975C-A8CB0B4B1361}"
EndProject
Project("{FAE04EC0-301F-11D3-BF4B-00C04F79EFBC}") = "Vanilla.Organization.Facade", "Organization\Vanilla.Organization.Facade\Vanilla.Organization.Facade.csproj", "{32B9748A-E246-4997-AA82-D36542D8BBB0}"
EndProject
Project("{FAE04EC0-301F-11D3-BF4B-00C04F79EFBC}") = "Vanilla.Organization.WinForm", "Organization\Vanilla.Organization.WinForm\Vanilla.Organization.WinForm.csproj", "{110A610A-7081-4C97-A616-C6C389C0456B}"
EndProject
Project("{FAE04EC0-301F-11D3-BF4B-00C04F79EFBC}") = "Vanilla.Organization.Test", "Vanilla.Organization.Test\Vanilla.Organization.Test.csproj", "{BAE58EAB-3CBA-4D0C-BEEE-F4AB4195D4AD}"
EndProject
Global
	GlobalSection(SubversionScc) = preSolution
		Svn-Managed = True
		Manager = AnkhSVN - Subversion Support for Visual Studio
	EndGlobalSection
	GlobalSection(SolutionConfigurationPlatforms) = preSolution
		Debug|Any CPU = Debug|Any CPU
		Debug|Mixed Platforms = Debug|Mixed Platforms
		Debug|x86 = Debug|x86
		Release|Any CPU = Release|Any CPU
		Release|Mixed Platforms = Release|Mixed Platforms
		Release|x86 = Release|x86
	EndGlobalSection
	GlobalSection(ProjectConfigurationPlatforms) = postSolution
		{24A3CC18-9FA6-4976-8ADE-AC07EE6844FB}.Debug|Any CPU.ActiveCfg = Debug|Any CPU
		{24A3CC18-9FA6-4976-8ADE-AC07EE6844FB}.Debug|Any CPU.Build.0 = Debug|Any CPU
		{24A3CC18-9FA6-4976-8ADE-AC07EE6844FB}.Debug|Mixed Platforms.ActiveCfg = Debug|Any CPU
		{24A3CC18-9FA6-4976-8ADE-AC07EE6844FB}.Debug|Mixed Platforms.Build.0 = Debug|Any CPU
		{24A3CC18-9FA6-4976-8ADE-AC07EE6844FB}.Debug|x86.ActiveCfg = Debug|Any CPU
		{24A3CC18-9FA6-4976-8ADE-AC07EE6844FB}.Release|Any CPU.ActiveCfg = Release|Any CPU
		{24A3CC18-9FA6-4976-8ADE-AC07EE6844FB}.Release|Any CPU.Build.0 = Release|Any CPU
		{24A3CC18-9FA6-4976-8ADE-AC07EE6844FB}.Release|Mixed Platforms.ActiveCfg = Release|Any CPU
		{24A3CC18-9FA6-4976-8ADE-AC07EE6844FB}.Release|Mixed Platforms.Build.0 = Release|Any CPU
		{24A3CC18-9FA6-4976-8ADE-AC07EE6844FB}.Release|x86.ActiveCfg = Release|Any CPU
		{F6AB9943-F271-4293-B13E-DC58DEF3F59D}.Debug|Any CPU.ActiveCfg = Debug|Any CPU
		{F6AB9943-F271-4293-B13E-DC58DEF3F59D}.Debug|Any CPU.Build.0 = Debug|Any CPU
		{F6AB9943-F271-4293-B13E-DC58DEF3F59D}.Debug|Mixed Platforms.ActiveCfg = Debug|Any CPU
		{F6AB9943-F271-4293-B13E-DC58DEF3F59D}.Debug|Mixed Platforms.Build.0 = Debug|Any CPU
		{F6AB9943-F271-4293-B13E-DC58DEF3F59D}.Debug|x86.ActiveCfg = Debug|Any CPU
		{F6AB9943-F271-4293-B13E-DC58DEF3F59D}.Release|Any CPU.ActiveCfg = Release|Any CPU
		{F6AB9943-F271-4293-B13E-DC58DEF3F59D}.Release|Any CPU.Build.0 = Release|Any CPU
		{F6AB9943-F271-4293-B13E-DC58DEF3F59D}.Release|Mixed Platforms.ActiveCfg = Release|Any CPU
		{F6AB9943-F271-4293-B13E-DC58DEF3F59D}.Release|Mixed Platforms.Build.0 = Release|Any CPU
		{F6AB9943-F271-4293-B13E-DC58DEF3F59D}.Release|x86.ActiveCfg = Release|Any CPU
		{1EE9A9DD-9151-437A-B1A3-28015975EF52}.Debug|Any CPU.ActiveCfg = Debug|Any CPU
		{1EE9A9DD-9151-437A-B1A3-28015975EF52}.Debug|Any CPU.Build.0 = Debug|Any CPU
		{1EE9A9DD-9151-437A-B1A3-28015975EF52}.Debug|Mixed Platforms.ActiveCfg = Debug|Any CPU
		{1EE9A9DD-9151-437A-B1A3-28015975EF52}.Debug|Mixed Platforms.Build.0 = Debug|Any CPU
		{1EE9A9DD-9151-437A-B1A3-28015975EF52}.Debug|x86.ActiveCfg = Debug|Any CPU
		{1EE9A9DD-9151-437A-B1A3-28015975EF52}.Release|Any CPU.ActiveCfg = Release|Any CPU
		{1EE9A9DD-9151-437A-B1A3-28015975EF52}.Release|Any CPU.Build.0 = Release|Any CPU
		{1EE9A9DD-9151-437A-B1A3-28015975EF52}.Release|Mixed Platforms.ActiveCfg = Release|Any CPU
		{1EE9A9DD-9151-437A-B1A3-28015975EF52}.Release|Mixed Platforms.Build.0 = Release|Any CPU
		{1EE9A9DD-9151-437A-B1A3-28015975EF52}.Release|x86.ActiveCfg = Release|Any CPU
		{D25DF173-3451-49AA-9570-269B2880C393}.Debug|Any CPU.ActiveCfg = Debug|Any CPU
		{D25DF173-3451-49AA-9570-269B2880C393}.Debug|Any CPU.Build.0 = Debug|Any CPU
		{D25DF173-3451-49AA-9570-269B2880C393}.Debug|Mixed Platforms.ActiveCfg = Debug|Any CPU
		{D25DF173-3451-49AA-9570-269B2880C393}.Debug|Mixed Platforms.Build.0 = Debug|Any CPU
		{D25DF173-3451-49AA-9570-269B2880C393}.Debug|x86.ActiveCfg = Debug|Any CPU
		{D25DF173-3451-49AA-9570-269B2880C393}.Release|Any CPU.ActiveCfg = Release|Any CPU
		{D25DF173-3451-49AA-9570-269B2880C393}.Release|Any CPU.Build.0 = Release|Any CPU
		{D25DF173-3451-49AA-9570-269B2880C393}.Release|Mixed Platforms.ActiveCfg = Release|Any CPU
		{D25DF173-3451-49AA-9570-269B2880C393}.Release|Mixed Platforms.Build.0 = Release|Any CPU
		{D25DF173-3451-49AA-9570-269B2880C393}.Release|x86.ActiveCfg = Release|Any CPU
		{ED04BF0C-B4F1-4E9C-80C5-799027EBE260}.Debug|Any CPU.ActiveCfg = Debug|Any CPU
		{ED04BF0C-B4F1-4E9C-80C5-799027EBE260}.Debug|Any CPU.Build.0 = Debug|Any CPU
		{ED04BF0C-B4F1-4E9C-80C5-799027EBE260}.Debug|Mixed Platforms.ActiveCfg = Debug|Any CPU
		{ED04BF0C-B4F1-4E9C-80C5-799027EBE260}.Debug|Mixed Platforms.Build.0 = Debug|Any CPU
		{ED04BF0C-B4F1-4E9C-80C5-799027EBE260}.Debug|x86.ActiveCfg = Debug|Any CPU
		{ED04BF0C-B4F1-4E9C-80C5-799027EBE260}.Release|Any CPU.ActiveCfg = Release|Any CPU
		{ED04BF0C-B4F1-4E9C-80C5-799027EBE260}.Release|Any CPU.Build.0 = Release|Any CPU
		{ED04BF0C-B4F1-4E9C-80C5-799027EBE260}.Release|Mixed Platforms.ActiveCfg = Release|Any CPU
		{ED04BF0C-B4F1-4E9C-80C5-799027EBE260}.Release|Mixed Platforms.Build.0 = Release|Any CPU
		{ED04BF0C-B4F1-4E9C-80C5-799027EBE260}.Release|x86.ActiveCfg = Release|Any CPU
		{8F052CCD-EA57-4D14-A9B1-AF605E763D41}.Debug|Any CPU.ActiveCfg = Debug|Any CPU
		{8F052CCD-EA57-4D14-A9B1-AF605E763D41}.Debug|Any CPU.Build.0 = Debug|Any CPU
		{8F052CCD-EA57-4D14-A9B1-AF605E763D41}.Debug|Mixed Platforms.ActiveCfg = Debug|Any CPU
		{8F052CCD-EA57-4D14-A9B1-AF605E763D41}.Debug|Mixed Platforms.Build.0 = Debug|Any CPU
		{8F052CCD-EA57-4D14-A9B1-AF605E763D41}.Debug|x86.ActiveCfg = Debug|Any CPU
		{8F052CCD-EA57-4D14-A9B1-AF605E763D41}.Release|Any CPU.ActiveCfg = Release|Any CPU
		{8F052CCD-EA57-4D14-A9B1-AF605E763D41}.Release|Any CPU.Build.0 = Release|Any CPU
		{8F052CCD-EA57-4D14-A9B1-AF605E763D41}.Release|Mixed Platforms.ActiveCfg = Release|Any CPU
		{8F052CCD-EA57-4D14-A9B1-AF605E763D41}.Release|Mixed Platforms.Build.0 = Release|Any CPU
		{8F052CCD-EA57-4D14-A9B1-AF605E763D41}.Release|x86.ActiveCfg = Release|Any CPU
		{D874BD9A-B5A2-410F-8B48-25FA06A9C44B}.Debug|Any CPU.ActiveCfg = Debug|Any CPU
		{D874BD9A-B5A2-410F-8B48-25FA06A9C44B}.Debug|Any CPU.Build.0 = Debug|Any CPU
		{D874BD9A-B5A2-410F-8B48-25FA06A9C44B}.Debug|Mixed Platforms.ActiveCfg = Debug|Any CPU
		{D874BD9A-B5A2-410F-8B48-25FA06A9C44B}.Debug|Mixed Platforms.Build.0 = Debug|Any CPU
		{D874BD9A-B5A2-410F-8B48-25FA06A9C44B}.Debug|x86.ActiveCfg = Debug|Any CPU
		{D874BD9A-B5A2-410F-8B48-25FA06A9C44B}.Release|Any CPU.ActiveCfg = Release|Any CPU
		{D874BD9A-B5A2-410F-8B48-25FA06A9C44B}.Release|Any CPU.Build.0 = Release|Any CPU
		{D874BD9A-B5A2-410F-8B48-25FA06A9C44B}.Release|Mixed Platforms.ActiveCfg = Release|Any CPU
		{D874BD9A-B5A2-410F-8B48-25FA06A9C44B}.Release|Mixed Platforms.Build.0 = Release|Any CPU
		{D874BD9A-B5A2-410F-8B48-25FA06A9C44B}.Release|x86.ActiveCfg = Release|Any CPU
		{1C4FAAB4-7CE4-4A10-9600-855A984B0805}.Debug|Any CPU.ActiveCfg = Debug|Any CPU
		{1C4FAAB4-7CE4-4A10-9600-855A984B0805}.Debug|Any CPU.Build.0 = Debug|Any CPU
		{1C4FAAB4-7CE4-4A10-9600-855A984B0805}.Debug|Mixed Platforms.ActiveCfg = Debug|Any CPU
		{1C4FAAB4-7CE4-4A10-9600-855A984B0805}.Debug|Mixed Platforms.Build.0 = Debug|Any CPU
		{1C4FAAB4-7CE4-4A10-9600-855A984B0805}.Debug|x86.ActiveCfg = Debug|Any CPU
		{1C4FAAB4-7CE4-4A10-9600-855A984B0805}.Release|Any CPU.ActiveCfg = Release|Any CPU
		{1C4FAAB4-7CE4-4A10-9600-855A984B0805}.Release|Any CPU.Build.0 = Release|Any CPU
		{1C4FAAB4-7CE4-4A10-9600-855A984B0805}.Release|Mixed Platforms.ActiveCfg = Release|Any CPU
		{1C4FAAB4-7CE4-4A10-9600-855A984B0805}.Release|Mixed Platforms.Build.0 = Release|Any CPU
		{1C4FAAB4-7CE4-4A10-9600-855A984B0805}.Release|x86.ActiveCfg = Release|Any CPU
		{E3BC5B92-3318-40C2-B7A7-73300F0DCE81}.Debug|Any CPU.ActiveCfg = Debug|Any CPU
		{E3BC5B92-3318-40C2-B7A7-73300F0DCE81}.Debug|Any CPU.Build.0 = Debug|Any CPU
		{E3BC5B92-3318-40C2-B7A7-73300F0DCE81}.Debug|Mixed Platforms.ActiveCfg = Debug|Any CPU
		{E3BC5B92-3318-40C2-B7A7-73300F0DCE81}.Debug|Mixed Platforms.Build.0 = Debug|Any CPU
		{E3BC5B92-3318-40C2-B7A7-73300F0DCE81}.Debug|x86.ActiveCfg = Debug|Any CPU
		{E3BC5B92-3318-40C2-B7A7-73300F0DCE81}.Release|Any CPU.ActiveCfg = Release|Any CPU
		{E3BC5B92-3318-40C2-B7A7-73300F0DCE81}.Release|Any CPU.Build.0 = Release|Any CPU
		{E3BC5B92-3318-40C2-B7A7-73300F0DCE81}.Release|Mixed Platforms.ActiveCfg = Release|Any CPU
		{E3BC5B92-3318-40C2-B7A7-73300F0DCE81}.Release|Mixed Platforms.Build.0 = Release|Any CPU
		{E3BC5B92-3318-40C2-B7A7-73300F0DCE81}.Release|x86.ActiveCfg = Release|Any CPU
		{94765995-6577-4720-8F86-7CC1ADBD1D5B}.Debug|Any CPU.ActiveCfg = Debug|Any CPU
		{94765995-6577-4720-8F86-7CC1ADBD1D5B}.Debug|Any CPU.Build.0 = Debug|Any CPU
		{94765995-6577-4720-8F86-7CC1ADBD1D5B}.Debug|Mixed Platforms.ActiveCfg = Debug|Any CPU
		{94765995-6577-4720-8F86-7CC1ADBD1D5B}.Debug|Mixed Platforms.Build.0 = Debug|Any CPU
		{94765995-6577-4720-8F86-7CC1ADBD1D5B}.Debug|x86.ActiveCfg = Debug|Any CPU
		{94765995-6577-4720-8F86-7CC1ADBD1D5B}.Release|Any CPU.ActiveCfg = Release|Any CPU
		{94765995-6577-4720-8F86-7CC1ADBD1D5B}.Release|Any CPU.Build.0 = Release|Any CPU
		{94765995-6577-4720-8F86-7CC1ADBD1D5B}.Release|Mixed Platforms.ActiveCfg = Release|Any CPU
		{94765995-6577-4720-8F86-7CC1ADBD1D5B}.Release|Mixed Platforms.Build.0 = Release|Any CPU
		{94765995-6577-4720-8F86-7CC1ADBD1D5B}.Release|x86.ActiveCfg = Release|Any CPU
		{15803E45-BD2D-4EB7-9448-AA5424E13049}.Debug|Any CPU.ActiveCfg = Debug|x86
		{15803E45-BD2D-4EB7-9448-AA5424E13049}.Debug|Mixed Platforms.ActiveCfg = Debug|x86
		{15803E45-BD2D-4EB7-9448-AA5424E13049}.Debug|Mixed Platforms.Build.0 = Debug|x86
		{15803E45-BD2D-4EB7-9448-AA5424E13049}.Debug|x86.ActiveCfg = Debug|x86
		{15803E45-BD2D-4EB7-9448-AA5424E13049}.Debug|x86.Build.0 = Debug|x86
		{15803E45-BD2D-4EB7-9448-AA5424E13049}.Release|Any CPU.ActiveCfg = Release|x86
		{15803E45-BD2D-4EB7-9448-AA5424E13049}.Release|Mixed Platforms.ActiveCfg = Release|x86
		{15803E45-BD2D-4EB7-9448-AA5424E13049}.Release|Mixed Platforms.Build.0 = Release|x86
		{15803E45-BD2D-4EB7-9448-AA5424E13049}.Release|x86.ActiveCfg = Release|x86
		{15803E45-BD2D-4EB7-9448-AA5424E13049}.Release|x86.Build.0 = Release|x86
		{58A04D93-0359-4C87-8380-38D25871BEC5}.Debug|Any CPU.ActiveCfg = Debug|x86
		{58A04D93-0359-4C87-8380-38D25871BEC5}.Debug|Mixed Platforms.ActiveCfg = Debug|x86
		{58A04D93-0359-4C87-8380-38D25871BEC5}.Debug|Mixed Platforms.Build.0 = Debug|x86
		{58A04D93-0359-4C87-8380-38D25871BEC5}.Debug|x86.ActiveCfg = Debug|x86
		{58A04D93-0359-4C87-8380-38D25871BEC5}.Debug|x86.Build.0 = Debug|x86
		{58A04D93-0359-4C87-8380-38D25871BEC5}.Release|Any CPU.ActiveCfg = Release|x86
		{58A04D93-0359-4C87-8380-38D25871BEC5}.Release|Mixed Platforms.ActiveCfg = Release|x86
		{58A04D93-0359-4C87-8380-38D25871BEC5}.Release|Mixed Platforms.Build.0 = Release|x86
		{58A04D93-0359-4C87-8380-38D25871BEC5}.Release|x86.ActiveCfg = Release|x86
		{58A04D93-0359-4C87-8380-38D25871BEC5}.Release|x86.Build.0 = Release|x86
		{CF2B7682-FA1E-4CDC-8A8C-30D610D18C5E}.Debug|Any CPU.ActiveCfg = Debug|x86
		{CF2B7682-FA1E-4CDC-8A8C-30D610D18C5E}.Debug|Mixed Platforms.ActiveCfg = Debug|x86
		{CF2B7682-FA1E-4CDC-8A8C-30D610D18C5E}.Debug|Mixed Platforms.Build.0 = Debug|x86
		{CF2B7682-FA1E-4CDC-8A8C-30D610D18C5E}.Debug|x86.ActiveCfg = Debug|x86
		{CF2B7682-FA1E-4CDC-8A8C-30D610D18C5E}.Debug|x86.Build.0 = Debug|x86
		{CF2B7682-FA1E-4CDC-8A8C-30D610D18C5E}.Release|Any CPU.ActiveCfg = Release|x86
		{CF2B7682-FA1E-4CDC-8A8C-30D610D18C5E}.Release|Mixed Platforms.ActiveCfg = Release|x86
		{CF2B7682-FA1E-4CDC-8A8C-30D610D18C5E}.Release|Mixed Platforms.Build.0 = Release|x86
		{CF2B7682-FA1E-4CDC-8A8C-30D610D18C5E}.Release|x86.ActiveCfg = Release|x86
		{CF2B7682-FA1E-4CDC-8A8C-30D610D18C5E}.Release|x86.Build.0 = Release|x86
		{BC8CC2BB-9EAF-4A32-BA6A-229386ABCA72}.Debug|Any CPU.ActiveCfg = Debug|Any CPU
		{BC8CC2BB-9EAF-4A32-BA6A-229386ABCA72}.Debug|Any CPU.Build.0 = Debug|Any CPU
		{BC8CC2BB-9EAF-4A32-BA6A-229386ABCA72}.Debug|Mixed Platforms.ActiveCfg = Debug|Any CPU
		{BC8CC2BB-9EAF-4A32-BA6A-229386ABCA72}.Debug|Mixed Platforms.Build.0 = Debug|Any CPU
		{BC8CC2BB-9EAF-4A32-BA6A-229386ABCA72}.Debug|x86.ActiveCfg = Debug|Any CPU
		{BC8CC2BB-9EAF-4A32-BA6A-229386ABCA72}.Release|Any CPU.ActiveCfg = Release|Any CPU
		{BC8CC2BB-9EAF-4A32-BA6A-229386ABCA72}.Release|Any CPU.Build.0 = Release|Any CPU
		{BC8CC2BB-9EAF-4A32-BA6A-229386ABCA72}.Release|Mixed Platforms.ActiveCfg = Release|Any CPU
		{BC8CC2BB-9EAF-4A32-BA6A-229386ABCA72}.Release|Mixed Platforms.Build.0 = Release|Any CPU
		{BC8CC2BB-9EAF-4A32-BA6A-229386ABCA72}.Release|x86.ActiveCfg = Release|Any CPU
		{28880CEB-5293-4C0C-89F4-AC34BB993DFC}.Debug|Any CPU.ActiveCfg = Debug|x86
		{28880CEB-5293-4C0C-89F4-AC34BB993DFC}.Debug|Mixed Platforms.ActiveCfg = Debug|x86
		{28880CEB-5293-4C0C-89F4-AC34BB993DFC}.Debug|Mixed Platforms.Build.0 = Debug|x86
		{28880CEB-5293-4C0C-89F4-AC34BB993DFC}.Debug|x86.ActiveCfg = Debug|x86
		{28880CEB-5293-4C0C-89F4-AC34BB993DFC}.Debug|x86.Build.0 = Debug|x86
		{28880CEB-5293-4C0C-89F4-AC34BB993DFC}.Release|Any CPU.ActiveCfg = Release|x86
		{28880CEB-5293-4C0C-89F4-AC34BB993DFC}.Release|Mixed Platforms.ActiveCfg = Release|x86
		{28880CEB-5293-4C0C-89F4-AC34BB993DFC}.Release|Mixed Platforms.Build.0 = Release|x86
		{28880CEB-5293-4C0C-89F4-AC34BB993DFC}.Release|x86.ActiveCfg = Release|x86
		{28880CEB-5293-4C0C-89F4-AC34BB993DFC}.Release|x86.Build.0 = Release|x86
		{003E77D0-671D-4B79-975C-A8CB0B4B1361}.Debug|Any CPU.ActiveCfg = Debug|Any CPU
		{003E77D0-671D-4B79-975C-A8CB0B4B1361}.Debug|Any CPU.Build.0 = Debug|Any CPU
		{003E77D0-671D-4B79-975C-A8CB0B4B1361}.Debug|Mixed Platforms.ActiveCfg = Debug|Any CPU
		{003E77D0-671D-4B79-975C-A8CB0B4B1361}.Debug|Mixed Platforms.Build.0 = Debug|Any CPU
		{003E77D0-671D-4B79-975C-A8CB0B4B1361}.Debug|x86.ActiveCfg = Debug|Any CPU
		{003E77D0-671D-4B79-975C-A8CB0B4B1361}.Release|Any CPU.ActiveCfg = Release|Any CPU
		{003E77D0-671D-4B79-975C-A8CB0B4B1361}.Release|Any CPU.Build.0 = Release|Any CPU
		{003E77D0-671D-4B79-975C-A8CB0B4B1361}.Release|Mixed Platforms.ActiveCfg = Release|Any CPU
		{003E77D0-671D-4B79-975C-A8CB0B4B1361}.Release|Mixed Platforms.Build.0 = Release|Any CPU
		{003E77D0-671D-4B79-975C-A8CB0B4B1361}.Release|x86.ActiveCfg = Release|Any CPU
		{32B9748A-E246-4997-AA82-D36542D8BBB0}.Debug|Any CPU.ActiveCfg = Debug|x86
		{32B9748A-E246-4997-AA82-D36542D8BBB0}.Debug|Mixed Platforms.ActiveCfg = Debug|x86
		{32B9748A-E246-4997-AA82-D36542D8BBB0}.Debug|Mixed Platforms.Build.0 = Debug|x86
		{32B9748A-E246-4997-AA82-D36542D8BBB0}.Debug|x86.ActiveCfg = Debug|x86
		{32B9748A-E246-4997-AA82-D36542D8BBB0}.Debug|x86.Build.0 = Debug|x86
		{32B9748A-E246-4997-AA82-D36542D8BBB0}.Release|Any CPU.ActiveCfg = Release|x86
		{32B9748A-E246-4997-AA82-D36542D8BBB0}.Release|Mixed Platforms.ActiveCfg = Release|x86
		{32B9748A-E246-4997-AA82-D36542D8BBB0}.Release|Mixed Platforms.Build.0 = Release|x86
		{32B9748A-E246-4997-AA82-D36542D8BBB0}.Release|x86.ActiveCfg = Release|x86
		{32B9748A-E246-4997-AA82-D36542D8BBB0}.Release|x86.Build.0 = Release|x86
		{110A610A-7081-4C97-A616-C6C389C0456B}.Debug|Any CPU.ActiveCfg = Debug|x86
		{110A610A-7081-4C97-A616-C6C389C0456B}.Debug|Mixed Platforms.ActiveCfg = Debug|x86
		{110A610A-7081-4C97-A616-C6C389C0456B}.Debug|Mixed Platforms.Build.0 = Debug|x86
		{110A610A-7081-4C97-A616-C6C389C0456B}.Debug|x86.ActiveCfg = Debug|x86
		{110A610A-7081-4C97-A616-C6C389C0456B}.Debug|x86.Build.0 = Debug|x86
		{110A610A-7081-4C97-A616-C6C389C0456B}.Release|Any CPU.ActiveCfg = Release|x86
		{110A610A-7081-4C97-A616-C6C389C0456B}.Release|Mixed Platforms.ActiveCfg = Release|x86
		{110A610A-7081-4C97-A616-C6C389C0456B}.Release|Mixed Platforms.Build.0 = Release|x86
		{110A610A-7081-4C97-A616-C6C389C0456B}.Release|x86.ActiveCfg = Release|x86
		{110A610A-7081-4C97-A616-C6C389C0456B}.Release|x86.Build.0 = Release|x86
		{BAE58EAB-3CBA-4D0C-BEEE-F4AB4195D4AD}.Debug|Any CPU.ActiveCfg = Debug|x86
		{BAE58EAB-3CBA-4D0C-BEEE-F4AB4195D4AD}.Debug|Mixed Platforms.ActiveCfg = Debug|x86
		{BAE58EAB-3CBA-4D0C-BEEE-F4AB4195D4AD}.Debug|Mixed Platforms.Build.0 = Debug|x86
		{BAE58EAB-3CBA-4D0C-BEEE-F4AB4195D4AD}.Debug|x86.ActiveCfg = Debug|x86
		{BAE58EAB-3CBA-4D0C-BEEE-F4AB4195D4AD}.Debug|x86.Build.0 = Debug|x86
		{BAE58EAB-3CBA-4D0C-BEEE-F4AB4195D4AD}.Release|Any CPU.ActiveCfg = Release|x86
		{BAE58EAB-3CBA-4D0C-BEEE-F4AB4195D4AD}.Release|Mixed Platforms.ActiveCfg = Release|x86
		{BAE58EAB-3CBA-4D0C-BEEE-F4AB4195D4AD}.Release|Mixed Platforms.Build.0 = Release|x86
		{BAE58EAB-3CBA-4D0C-BEEE-F4AB4195D4AD}.Release|x86.ActiveCfg = Release|x86
		{BAE58EAB-3CBA-4D0C-BEEE-F4AB4195D4AD}.Release|x86.Build.0 = Release|x86
	EndGlobalSection
	GlobalSection(SolutionProperties) = preSolution
		HideSolutionNode = FALSE
	EndGlobalSection
	GlobalSection(NestedProjects) = preSolution
		{8EA3C558-18BF-4639-9721-A97F3DE22018} = {54C67F75-C4AB-4498-BA43-4060C0E72FB1}
		{5BE9502F-84F9-4144-A0AE-B58E72D6BB00} = {54C67F75-C4AB-4498-BA43-4060C0E72FB1}
		{ECAF9755-560C-4B36-B2CF-B31A3F46EEF7} = {54C67F75-C4AB-4498-BA43-4060C0E72FB1}
		{94765995-6577-4720-8F86-7CC1ADBD1D5B} = {8EA3C558-18BF-4639-9721-A97F3DE22018}
		{24A3CC18-9FA6-4976-8ADE-AC07EE6844FB} = {8EA3C558-18BF-4639-9721-A97F3DE22018}
		{12F50E04-C89B-4E11-9175-BF3ED58D4256} = {E60531CF-592C-4EF3-B375-118032051491}
		{89E8E195-E70B-44DD-BB48-6CE0656D725A} = {E60531CF-592C-4EF3-B375-118032051491}
		{D25DF173-3451-49AA-9570-269B2880C393} = {E60531CF-592C-4EF3-B375-118032051491}
		{ED04BF0C-B4F1-4E9C-80C5-799027EBE260} = {E60531CF-592C-4EF3-B375-118032051491}
		{F6AB9943-F271-4293-B13E-DC58DEF3F59D} = {12F50E04-C89B-4E11-9175-BF3ED58D4256}
		{1EE9A9DD-9151-437A-B1A3-28015975EF52} = {89E8E195-E70B-44DD-BB48-6CE0656D725A}
		{FF22E62A-18BC-43EA-A711-54D948ED3293} = {142B2DE6-FC42-4020-8F3C-DFE1693CAC9B}
		{10EB8C7A-CFBE-460E-85F9-FDE84F4071EF} = {142B2DE6-FC42-4020-8F3C-DFE1693CAC9B}
		{605BFD21-9FBB-4ECD-9021-ED11B90D257A} = {142B2DE6-FC42-4020-8F3C-DFE1693CAC9B}
		{931727AD-64D5-4E24-91C7-FFED7D90184D} = {142B2DE6-FC42-4020-8F3C-DFE1693CAC9B}
		{8F052CCD-EA57-4D14-A9B1-AF605E763D41} = {FF22E62A-18BC-43EA-A711-54D948ED3293}
		{D874BD9A-B5A2-410F-8B48-25FA06A9C44B} = {FF22E62A-18BC-43EA-A711-54D948ED3293}
		{1C4FAAB4-7CE4-4A10-9600-855A984B0805} = {10EB8C7A-CFBE-460E-85F9-FDE84F4071EF}
		{E3BC5B92-3318-40C2-B7A7-73300F0DCE81} = {10EB8C7A-CFBE-460E-85F9-FDE84F4071EF}
		{15803E45-BD2D-4EB7-9448-AA5424E13049} = {5BE9502F-84F9-4144-A0AE-B58E72D6BB00}
		{58A04D93-0359-4C87-8380-38D25871BEC5} = {5BE9502F-84F9-4144-A0AE-B58E72D6BB00}
		{28880CEB-5293-4C0C-89F4-AC34BB993DFC} = {5BE9502F-84F9-4144-A0AE-B58E72D6BB00}
		{CF2B7682-FA1E-4CDC-8A8C-30D610D18C5E} = {605BFD21-9FBB-4ECD-9021-ED11B90D257A}
		{BC8CC2BB-9EAF-4A32-BA6A-229386ABCA72} = {605BFD21-9FBB-4ECD-9021-ED11B90D257A}
		{32B9748A-E246-4997-AA82-D36542D8BBB0} = {ECAF9755-560C-4B36-B2CF-B31A3F46EEF7}
		{110A610A-7081-4C97-A616-C6C389C0456B} = {ECAF9755-560C-4B36-B2CF-B31A3F46EEF7}
		{BAE58EAB-3CBA-4D0C-BEEE-F4AB4195D4AD} = {ECAF9755-560C-4B36-B2CF-B31A3F46EEF7}
		{003E77D0-671D-4B79-975C-A8CB0B4B1361} = {931727AD-64D5-4E24-91C7-FFED7D90184D}
	EndGlobalSection
EndGlobal
